<?xml version="1.0" encoding="utf-8"?>
<Project ToolsVersion="4.0" xmlns="http://schemas.microsoft.com/developer/msbuild/2003">
  <ItemGroup>
    <Filter Include="Source Files">
      <UniqueIdentifier>{4FC737F1-C7A5-4376-A066-2A32D752A2FF}</UniqueIdentifier>
      <Extensions>cpp;c;cc;cxx;def;odl;idl;hpj;bat;asm;asmx</Extensions>
    </Filter>
    <Filter Include="Header Files">
      <UniqueIdentifier>{93995380-89BD-4b04-88EB-625FBE52EBFB}</UniqueIdentifier>
      <Extensions>h;hpp;hxx;hm;inl;inc;xsd</Extensions>
    </Filter>
    <Filter Include="Resource Files">
      <UniqueIdentifier>{67DA6AB6-F800-4c08-8B7A-83BB121AAD01}</UniqueIdentifier>
      <Extensions>rc;ico;cur;bmp;dlg;rc2;rct;bin;rgs;gif;jpg;jpeg;jpe;resx;tiff;tif;png;wav;mfcribbon-ms</Extensions>
    </Filter>
  </ItemGroup>
  <ItemGroup>
    <ClCompile Include="geometry.cpp">
      <Filter>Source Files</Filter>
    </ClCompile>
    <ClCompile Include="main.cpp">
      <Filter>Source Files</Filter>
    </ClCompile>
    <ClCompile Include="md2File.cpp">
      <Filter>Source Files</Filter>
    </ClCompile>
    <ClCompile Include="md2Loader.cpp">
      <Filter>Source Files</Filter>
    </ClCompile>
    <ClCompile Include="messagePump.cpp">
      <Filter>Source Files</Filter>
    </ClCompile>
    <ClCompile Include="transformation.cpp">
      <Filter>Source Files</Filter>
    </ClCompile>
    <ClCompile Include="include\linearAlgebraDLL.cpp">
      <Filter>Resource Files</Filter>
    </ClCompile>
    <ClCompile Include="sceneObject.cpp">
      <Filter>Source Files</Filter>
    </ClCompile>
    <ClCompile Include="sceneNode.cpp">
      <Filter>Source Files</Filter>
    </ClCompile>
    <ClCompile Include="assetManager.cpp">
      <Filter>Source Files</Filter>
    </ClCompile>
  </ItemGroup>
  <ItemGroup>
    <ClInclude Include="geometry.h">
      <Filter>Header Files</Filter>
    </ClInclude>
    <ClInclude Include="md2File.h">
      <Filter>Header Files</Filter>
    </ClInclude>
    <ClInclude Include="md2Loader.h">
      <Filter>Header Files</Filter>
    </ClInclude>
    <ClInclude Include="messagePump.h">
      <Filter>Header Files</Filter>
    </ClInclude>
    <ClInclude Include="transformation.h">
      <Filter>Header Files</Filter>
    </ClInclude>
    <ClInclude Include="include\begin_code.h">
      <Filter>Resource Files</Filter>
    </ClInclude>
    <ClInclude Include="include\close_code.h">
      <Filter>Resource Files</Filter>
    </ClInclude>
    <ClInclude Include="include\glut.h">
      <Filter>Resource Files</Filter>
    </ClInclude>
    <ClInclude Include="include\linearAlgebraDLL.h">
      <Filter>Resource Files</Filter>
    </ClInclude>
    <ClInclude Include="include\SDL.h">
      <Filter>Resource Files</Filter>
    </ClInclude>
    <ClInclude Include="include\SDL_active.h">
      <Filter>Resource Files</Filter>
    </ClInclude>
    <ClInclude Include="include\SDL_audio.h">
      <Filter>Resource Files</Filter>
    </ClInclude>
    <ClInclude Include="include\SDL_byteorder.h">
      <Filter>Resource Files</Filter>
    </ClInclude>
    <ClInclude Include="include\SDL_cdrom.h">
      <Filter>Resource Files</Filter>
    </ClInclude>
    <ClInclude Include="include\SDL_config.h">
      <Filter>Resource Files</Filter>
    </ClInclude>
    <ClInclude Include="include\SDL_config_amiga.h">
      <Filter>Resource Files</Filter>
    </ClInclude>
    <ClInclude Include="include\SDL_config_dreamcast.h">
      <Filter>Resource Files</Filter>
    </ClInclude>
    <ClInclude Include="include\SDL_config_macos.h">
      <Filter>Resource Files</Filter>
    </ClInclude>
    <ClInclude Include="include\SDL_config_macosx.h">
      <Filter>Resource Files</Filter>
    </ClInclude>
    <ClInclude Include="include\SDL_config_minimal.h">
      <Filter>Resource Files</Filter>
    </ClInclude>
    <ClInclude Include="include\SDL_config_nds.h">
      <Filter>Resource Files</Filter>
    </ClInclude>
    <ClInclude Include="include\SDL_config_os2.h">
      <Filter>Resource Files</Filter>
    </ClInclude>
    <ClInclude Include="include\SDL_config_symbian.h">
      <Filter>Resource Files</Filter>
    </ClInclude>
    <ClInclude Include="include\SDL_config_win32.h">
      <Filter>Resource Files</Filter>
    </ClInclude>
    <ClInclude Include="include\SDL_copying.h">
      <Filter>Resource Files</Filter>
    </ClInclude>
    <ClInclude Include="include\SDL_cpuinfo.h">
      <Filter>Resource Files</Filter>
    </ClInclude>
    <ClInclude Include="include\SDL_endian.h">
      <Filter>Resource Files</Filter>
    </ClInclude>
    <ClInclude Include="include\SDL_error.h">
      <Filter>Resource Files</Filter>
    </ClInclude>
    <ClInclude Include="include\SDL_events.h">
      <Filter>Resource Files</Filter>
    </ClInclude>
    <ClInclude Include="include\SDL_getenv.h">
      <Filter>Resource Files</Filter>
    </ClInclude>
    <ClInclude Include="include\SDL_joystick.h">
      <Filter>Resource Files</Filter>
    </ClInclude>
    <ClInclude Include="include\SDL_keyboard.h">
      <Filter>Resource Files</Filter>
    </ClInclude>
    <ClInclude Include="include\SDL_keysym.h">
      <Filter>Resource Files</Filter>
    </ClInclude>
    <ClInclude Include="include\SDL_loadso.h">
      <Filter>Resource Files</Filter>
    </ClInclude>
    <ClInclude Include="include\SDL_main.h">
      <Filter>Resource Files</Filter>
    </ClInclude>
    <ClInclude Include="include\SDL_mouse.h">
      <Filter>Resource Files</Filter>
    </ClInclude>
    <ClInclude Include="include\SDL_mutex.h">
      <Filter>Resource Files</Filter>
    </ClInclude>
    <ClInclude Include="include\SDL_name.h">
      <Filter>Resource Files</Filter>
    </ClInclude>
    <ClInclude Include="include\SDL_opengl.h">
      <Filter>Resource Files</Filter>
    </ClInclude>
    <ClInclude Include="include\SDL_platform.h">
      <Filter>Resource Files</Filter>
    </ClInclude>
    <ClInclude Include="include\SDL_quit.h">
      <Filter>Resource Files</Filter>
    </ClInclude>
    <ClInclude Include="include\SDL_rwops.h">
      <Filter>Resource Files</Filter>
    </ClInclude>
    <ClInclude Include="include\SDL_stdinc.h">
      <Filter>Resource Files</Filter>
    </ClInclude>
    <ClInclude Include="include\SDL_syswm.h">
      <Filter>Resource Files</Filter>
    </ClInclude>
    <ClInclude Include="include\SDL_thread.h">
      <Filter>Resource Files</Filter>
    </ClInclude>
    <ClInclude Include="include\SDL_timer.h">
      <Filter>Resource Files</Filter>
    </ClInclude>
    <ClInclude Include="include\SDL_types.h">
      <Filter>Resource Files</Filter>
    </ClInclude>
    <ClInclude Include="include\SDL_version.h">
      <Filter>Resource Files</Filter>
    </ClInclude>
    <ClInclude Include="include\SDL_video.h">
      <Filter>Resource Files</Filter>
    </ClInclude>
    <ClInclude Include="sceneObject.h">
      <Filter>Header Files</Filter>
    </ClInclude>
    <ClInclude Include="sceneNode.h">
      <Filter>Header Files</Filter>
    </ClInclude>
    <ClInclude Include="assetManager.h">
      <Filter>Header Files</Filter>
    </ClInclude>
  </ItemGroup>
  <ItemGroup>
    <None Include="SDL.dll">
      <Filter>Resource Files</Filter>
    </None>
    <None Include="LinearAlgebraDLL.dll">
      <Filter>Resource Files</Filter>
    </None>
    <None Include="glut32.dll">
      <Filter>Resource Files</Filter>
    </None>
    <None Include="include\glut.def">
      <Filter>Resource Files</Filter>
    </None>
    <None Include="include\Cyber.md2">
      <Filter>Resource Files</Filter>
    </None>
    <None Include="include\evil_laugh.wav">
      <Filter>Resource Files</Filter>
    </None>
    <None Include="include\nhe.ico">
      <Filter>Resource Files</Filter>
    </None>
    <None Include="include\vortex.pcx">
      <Filter>Resource Files</Filter>
    </None>
    <None Include="include\lostsoul.jpg">
      <Filter>Resource Files</Filter>
    </None>
    <None Include="include\Lostsoul.md2">
      <Filter>Resource Files</Filter>
    </None>
    <None Include="include\bosscube.jpg">
      <Filter>Resource Files</Filter>
    </None>
    <None Include="include\bosscube.md2">
      <Filter>Resource Files</Filter>
    </None>
    <None Include="include\cyber.jpg">
      <Filter>Resource Files</Filter>
    </None>
    <None Include="todo.txt" />
  </ItemGroup>
  <ItemGroup>
    <Library Include="include\glut32.lib">
      <Filter>Resource Files</Filter>
    </Library>
    <Library Include="include\LinearAlgebraDLL.lib">
      <Filter>Resource Files</Filter>
    </Library>
    <Library Include="include\SDL.lib">
      <Filter>Resource Files</Filter>
    </Library>
    <Library Include="include\SDLmain.lib">
      <Filter>Resource Files</Filter>
    </Library>
  </ItemGroup>
</Project>