<?xml version="1.0" encoding="utf-8"?>
<Project ToolsVersion="4.0" xmlns="http://schemas.microsoft.com/developer/msbuild/2003">
  <ItemGroup>
    <Filter Include="Source Files">
      <UniqueIdentifier>{4FC737F1-C7A5-4376-A066-2A32D752A2FF}</UniqueIdentifier>
      <Extensions>cpp;c;cc;cxx;def;odl;idl;hpj;bat;asm;asmx</Extensions>
    </Filter>
    <Filter Include="Header Files">
      <UniqueIdentifier>{93995380-89BD-4b04-88EB-625FBE52EBFB}</UniqueIdentifier>
      <Extensions>h;hpp;hxx;hm;inl;inc;xsd</Extensions>
    </Filter>
    <Filter Include="Resource Files">
      <UniqueIdentifier>{67DA6AB6-F800-4c08-8B7A-83BB121AAD01}</UniqueIdentifier>
      <Extensions>rc;ico;cur;bmp;dlg;rc2;rct;bin;rgs;gif;jpg;jpeg;jpe;resx;tiff;tif;png;wav;mfcribbon-ms</Extensions>
    </Filter>
    <Filter Include="textfiles">
      <UniqueIdentifier>{028758f8-8f96-474f-b8ab-192ead8c18f0}</UniqueIdentifier>
    </Filter>
  </ItemGroup>
  <ItemGroup>
    <ClCompile Include="assetManager.cpp">
      <Filter>Source Files</Filter>
    </ClCompile>
    <ClCompile Include="colladaFile.cpp">
      <Filter>Source Files</Filter>
    </ClCompile>
    <ClCompile Include="controller.cpp">
      <Filter>Source Files</Filter>
    </ClCompile>
    <ClCompile Include="entityCamera.cpp">
      <Filter>Source Files</Filter>
    </ClCompile>
    <ClCompile Include="entitySpectator.cpp">
      <Filter>Source Files</Filter>
    </ClCompile>
    <ClCompile Include="inputManager.cpp">
      <Filter>Source Files</Filter>
    </ClCompile>
    <ClCompile Include="main.cpp">
      <Filter>Source Files</Filter>
    </ClCompile>
    <ClCompile Include="md2File.cpp">
      <Filter>Source Files</Filter>
    </ClCompile>
    <ClCompile Include="md5.cpp">
      <Filter>Source Files</Filter>
    </ClCompile>
    <ClCompile Include="md5wrapper.cpp">
      <Filter>Source Files</Filter>
    </ClCompile>
    <ClCompile Include="messagePump.cpp">
      <Filter>Source Files</Filter>
    </ClCompile>
    <ClCompile Include="SceneNode.cpp">
      <Filter>Source Files</Filter>
    </ClCompile>
    <ClCompile Include="sceneObject.cpp">
      <Filter>Source Files</Filter>
    </ClCompile>
    <ClCompile Include="transformation.cpp">
      <Filter>Source Files</Filter>
    </ClCompile>
    <ClCompile Include="include\bullet_include\BulletCollision\BroadphaseCollision\btAxisSweep3.cpp">
      <Filter>Resource Files</Filter>
    </ClCompile>
    <ClCompile Include="include\bullet_include\BulletCollision\BroadphaseCollision\btBroadphaseProxy.cpp">
      <Filter>Resource Files</Filter>
    </ClCompile>
    <ClCompile Include="include\bullet_include\BulletCollision\BroadphaseCollision\btCollisionAlgorithm.cpp">
      <Filter>Resource Files</Filter>
    </ClCompile>
    <ClCompile Include="include\bullet_include\BulletCollision\BroadphaseCollision\btDbvt.cpp">
      <Filter>Resource Files</Filter>
    </ClCompile>
    <ClCompile Include="include\bullet_include\BulletCollision\BroadphaseCollision\btDbvtBroadphase.cpp">
      <Filter>Resource Files</Filter>
    </ClCompile>
    <ClCompile Include="include\bullet_include\BulletCollision\BroadphaseCollision\btDispatcher.cpp">
      <Filter>Resource Files</Filter>
    </ClCompile>
    <ClCompile Include="include\bullet_include\BulletCollision\BroadphaseCollision\btMultiSapBroadphase.cpp">
      <Filter>Resource Files</Filter>
    </ClCompile>
    <ClCompile Include="include\bullet_include\BulletCollision\BroadphaseCollision\btOverlappingPairCache.cpp">
      <Filter>Resource Files</Filter>
    </ClCompile>
    <ClCompile Include="include\bullet_include\BulletCollision\BroadphaseCollision\btQuantizedBvh.cpp">
      <Filter>Resource Files</Filter>
    </ClCompile>
    <ClCompile Include="include\bullet_include\BulletCollision\BroadphaseCollision\btSimpleBroadphase.cpp">
      <Filter>Resource Files</Filter>
    </ClCompile>
    <ClCompile Include="include\bullet_include\BulletCollision\CollisionDispatch\btActivatingCollisionAlgorithm.cpp">
      <Filter>Resource Files</Filter>
    </ClCompile>
    <ClCompile Include="include\bullet_include\BulletCollision\CollisionDispatch\btBox2dBox2dCollisionAlgorithm.cpp">
      <Filter>Resource Files</Filter>
    </ClCompile>
    <ClCompile Include="include\bullet_include\BulletCollision\CollisionDispatch\btBoxBoxCollisionAlgorithm.cpp">
      <Filter>Resource Files</Filter>
    </ClCompile>
    <ClCompile Include="include\bullet_include\BulletCollision\CollisionDispatch\btBoxBoxDetector.cpp">
      <Filter>Resource Files</Filter>
    </ClCompile>
    <ClCompile Include="include\bullet_include\BulletCollision\CollisionDispatch\btCollisionDispatcher.cpp">
      <Filter>Resource Files</Filter>
    </ClCompile>
    <ClCompile Include="include\bullet_include\BulletCollision\CollisionDispatch\btCollisionObject.cpp">
      <Filter>Resource Files</Filter>
    </ClCompile>
    <ClCompile Include="include\bullet_include\BulletCollision\CollisionDispatch\btCollisionWorld.cpp">
      <Filter>Resource Files</Filter>
    </ClCompile>
    <ClCompile Include="include\bullet_include\BulletCollision\CollisionDispatch\btCompoundCollisionAlgorithm.cpp">
      <Filter>Resource Files</Filter>
    </ClCompile>
    <ClCompile Include="include\bullet_include\BulletCollision\CollisionDispatch\btConvex2dConvex2dAlgorithm.cpp">
      <Filter>Resource Files</Filter>
    </ClCompile>
    <ClCompile Include="include\bullet_include\BulletCollision\CollisionDispatch\btConvexConcaveCollisionAlgorithm.cpp">
      <Filter>Resource Files</Filter>
    </ClCompile>
    <ClCompile Include="include\bullet_include\BulletCollision\CollisionDispatch\btConvexConvexAlgorithm.cpp">
      <Filter>Resource Files</Filter>
    </ClCompile>
    <ClCompile Include="include\bullet_include\BulletCollision\CollisionDispatch\btConvexPlaneCollisionAlgorithm.cpp">
      <Filter>Resource Files</Filter>
    </ClCompile>
    <ClCompile Include="include\bullet_include\BulletCollision\CollisionDispatch\btDefaultCollisionConfiguration.cpp">
      <Filter>Resource Files</Filter>
    </ClCompile>
    <ClCompile Include="include\bullet_include\BulletCollision\CollisionDispatch\btEmptyCollisionAlgorithm.cpp">
      <Filter>Resource Files</Filter>
    </ClCompile>
    <ClCompile Include="include\bullet_include\BulletCollision\CollisionDispatch\btGhostObject.cpp">
      <Filter>Resource Files</Filter>
    </ClCompile>
    <ClCompile Include="include\bullet_include\BulletCollision\CollisionDispatch\btInternalEdgeUtility.cpp">
      <Filter>Resource Files</Filter>
    </ClCompile>
    <ClCompile Include="include\bullet_include\BulletCollision\CollisionDispatch\btManifoldResult.cpp">
      <Filter>Resource Files</Filter>
    </ClCompile>
    <ClCompile Include="include\bullet_include\BulletCollision\CollisionDispatch\btSimulationIslandManager.cpp">
      <Filter>Resource Files</Filter>
    </ClCompile>
    <ClCompile Include="include\bullet_include\BulletCollision\CollisionDispatch\btSphereBoxCollisionAlgorithm.cpp">
      <Filter>Resource Files</Filter>
    </ClCompile>
    <ClCompile Include="include\bullet_include\BulletCollision\CollisionDispatch\btSphereSphereCollisionAlgorithm.cpp">
      <Filter>Resource Files</Filter>
    </ClCompile>
    <ClCompile Include="include\bullet_include\BulletCollision\CollisionDispatch\btSphereTriangleCollisionAlgorithm.cpp">
      <Filter>Resource Files</Filter>
    </ClCompile>
    <ClCompile Include="include\bullet_include\BulletCollision\CollisionDispatch\btUnionFind.cpp">
      <Filter>Resource Files</Filter>
    </ClCompile>
    <ClCompile Include="include\bullet_include\BulletCollision\CollisionDispatch\SphereTriangleDetector.cpp">
      <Filter>Resource Files</Filter>
    </ClCompile>
    <ClCompile Include="include\bullet_include\BulletCollision\CollisionShapes\btBox2dShape.cpp">
      <Filter>Resource Files</Filter>
    </ClCompile>
    <ClCompile Include="include\bullet_include\BulletCollision\CollisionShapes\btBoxShape.cpp">
      <Filter>Resource Files</Filter>
    </ClCompile>
    <ClCompile Include="include\bullet_include\BulletCollision\CollisionShapes\btBvhTriangleMeshShape.cpp">
      <Filter>Resource Files</Filter>
    </ClCompile>
    <ClCompile Include="include\bullet_include\BulletCollision\CollisionShapes\btCapsuleShape.cpp">
      <Filter>Resource Files</Filter>
    </ClCompile>
    <ClCompile Include="include\bullet_include\BulletCollision\CollisionShapes\btCollisionShape.cpp">
      <Filter>Resource Files</Filter>
    </ClCompile>
    <ClCompile Include="include\bullet_include\BulletCollision\CollisionShapes\btCompoundShape.cpp">
      <Filter>Resource Files</Filter>
    </ClCompile>
    <ClCompile Include="include\bullet_include\BulletCollision\CollisionShapes\btConcaveShape.cpp">
      <Filter>Resource Files</Filter>
    </ClCompile>
    <ClCompile Include="include\bullet_include\BulletCollision\CollisionShapes\btConeShape.cpp">
      <Filter>Resource Files</Filter>
    </ClCompile>
    <ClCompile Include="include\bullet_include\BulletCollision\CollisionShapes\btConvex2dShape.cpp">
      <Filter>Resource Files</Filter>
    </ClCompile>
    <ClCompile Include="include\bullet_include\BulletCollision\CollisionShapes\btConvexHullShape.cpp">
      <Filter>Resource Files</Filter>
    </ClCompile>
    <ClCompile Include="include\bullet_include\BulletCollision\CollisionShapes\btConvexInternalShape.cpp">
      <Filter>Resource Files</Filter>
    </ClCompile>
    <ClCompile Include="include\bullet_include\BulletCollision\CollisionShapes\btConvexPointCloudShape.cpp">
      <Filter>Resource Files</Filter>
    </ClCompile>
    <ClCompile Include="include\bullet_include\BulletCollision\CollisionShapes\btConvexShape.cpp">
      <Filter>Resource Files</Filter>
    </ClCompile>
    <ClCompile Include="include\bullet_include\BulletCollision\CollisionShapes\btConvexTriangleMeshShape.cpp">
      <Filter>Resource Files</Filter>
    </ClCompile>
    <ClCompile Include="include\bullet_include\BulletCollision\CollisionShapes\btCylinderShape.cpp">
      <Filter>Resource Files</Filter>
    </ClCompile>
    <ClCompile Include="include\bullet_include\BulletCollision\CollisionShapes\btEmptyShape.cpp">
      <Filter>Resource Files</Filter>
    </ClCompile>
    <ClCompile Include="include\bullet_include\BulletCollision\CollisionShapes\btHeightfieldTerrainShape.cpp">
      <Filter>Resource Files</Filter>
    </ClCompile>
    <ClCompile Include="include\bullet_include\BulletCollision\CollisionShapes\btMinkowskiSumShape.cpp">
      <Filter>Resource Files</Filter>
    </ClCompile>
    <ClCompile Include="include\bullet_include\BulletCollision\CollisionShapes\btMultimaterialTriangleMeshShape.cpp">
      <Filter>Resource Files</Filter>
    </ClCompile>
    <ClCompile Include="include\bullet_include\BulletCollision\CollisionShapes\btMultiSphereShape.cpp">
      <Filter>Resource Files</Filter>
    </ClCompile>
    <ClCompile Include="include\bullet_include\BulletCollision\CollisionShapes\btOptimizedBvh.cpp">
      <Filter>Resource Files</Filter>
    </ClCompile>
    <ClCompile Include="include\bullet_include\BulletCollision\CollisionShapes\btPolyhedralConvexShape.cpp">
      <Filter>Resource Files</Filter>
    </ClCompile>
    <ClCompile Include="include\bullet_include\BulletCollision\CollisionShapes\btScaledBvhTriangleMeshShape.cpp">
      <Filter>Resource Files</Filter>
    </ClCompile>
    <ClCompile Include="include\bullet_include\BulletCollision\CollisionShapes\btShapeHull.cpp">
      <Filter>Resource Files</Filter>
    </ClCompile>
    <ClCompile Include="include\bullet_include\BulletCollision\CollisionShapes\btSphereShape.cpp">
      <Filter>Resource Files</Filter>
    </ClCompile>
    <ClCompile Include="include\bullet_include\BulletCollision\CollisionShapes\btStaticPlaneShape.cpp">
      <Filter>Resource Files</Filter>
    </ClCompile>
    <ClCompile Include="include\bullet_include\BulletCollision\CollisionShapes\btStridingMeshInterface.cpp">
      <Filter>Resource Files</Filter>
    </ClCompile>
    <ClCompile Include="include\bullet_include\BulletCollision\CollisionShapes\btTetrahedronShape.cpp">
      <Filter>Resource Files</Filter>
    </ClCompile>
    <ClCompile Include="include\bullet_include\BulletCollision\CollisionShapes\btTriangleBuffer.cpp">
      <Filter>Resource Files</Filter>
    </ClCompile>
    <ClCompile Include="include\bullet_include\BulletCollision\CollisionShapes\btTriangleCallback.cpp">
      <Filter>Resource Files</Filter>
    </ClCompile>
    <ClCompile Include="include\bullet_include\BulletCollision\CollisionShapes\btTriangleIndexVertexArray.cpp">
      <Filter>Resource Files</Filter>
    </ClCompile>
    <ClCompile Include="include\bullet_include\BulletCollision\CollisionShapes\btTriangleIndexVertexMaterialArray.cpp">
      <Filter>Resource Files</Filter>
    </ClCompile>
    <ClCompile Include="include\bullet_include\BulletCollision\CollisionShapes\btTriangleMesh.cpp">
      <Filter>Resource Files</Filter>
    </ClCompile>
    <ClCompile Include="include\bullet_include\BulletCollision\CollisionShapes\btTriangleMeshShape.cpp">
      <Filter>Resource Files</Filter>
    </ClCompile>
    <ClCompile Include="include\bullet_include\BulletCollision\CollisionShapes\btUniformScalingShape.cpp">
      <Filter>Resource Files</Filter>
    </ClCompile>
    <ClCompile Include="include\bullet_include\BulletCollision\Gimpact\btContactProcessing.cpp">
      <Filter>Resource Files</Filter>
    </ClCompile>
    <ClCompile Include="include\bullet_include\BulletCollision\Gimpact\btGenericPoolAllocator.cpp">
      <Filter>Resource Files</Filter>
    </ClCompile>
    <ClCompile Include="include\bullet_include\BulletCollision\Gimpact\btGImpactBvh.cpp">
      <Filter>Resource Files</Filter>
    </ClCompile>
    <ClCompile Include="include\bullet_include\BulletCollision\Gimpact\btGImpactCollisionAlgorithm.cpp">
      <Filter>Resource Files</Filter>
    </ClCompile>
    <ClCompile Include="include\bullet_include\BulletCollision\Gimpact\btGImpactQuantizedBvh.cpp">
      <Filter>Resource Files</Filter>
    </ClCompile>
    <ClCompile Include="include\bullet_include\BulletCollision\Gimpact\btGImpactShape.cpp">
      <Filter>Resource Files</Filter>
    </ClCompile>
    <ClCompile Include="include\bullet_include\BulletCollision\Gimpact\btTriangleShapeEx.cpp">
      <Filter>Resource Files</Filter>
    </ClCompile>
    <ClCompile Include="include\bullet_include\BulletCollision\Gimpact\gim_box_set.cpp">
      <Filter>Resource Files</Filter>
    </ClCompile>
    <ClCompile Include="include\bullet_include\BulletCollision\Gimpact\gim_contact.cpp">
      <Filter>Resource Files</Filter>
    </ClCompile>
    <ClCompile Include="include\bullet_include\BulletCollision\Gimpact\gim_memory.cpp">
      <Filter>Resource Files</Filter>
    </ClCompile>
    <ClCompile Include="include\bullet_include\BulletCollision\Gimpact\gim_tri_collision.cpp">
      <Filter>Resource Files</Filter>
    </ClCompile>
    <ClCompile Include="include\bullet_include\BulletCollision\NarrowPhaseCollision\btContinuousConvexCollision.cpp">
      <Filter>Resource Files</Filter>
    </ClCompile>
    <ClCompile Include="include\bullet_include\BulletCollision\NarrowPhaseCollision\btConvexCast.cpp">
      <Filter>Resource Files</Filter>
    </ClCompile>
    <ClCompile Include="include\bullet_include\BulletCollision\NarrowPhaseCollision\btGjkConvexCast.cpp">
      <Filter>Resource Files</Filter>
    </ClCompile>
    <ClCompile Include="include\bullet_include\BulletCollision\NarrowPhaseCollision\btGjkEpa2.cpp">
      <Filter>Resource Files</Filter>
    </ClCompile>
    <ClCompile Include="include\bullet_include\BulletCollision\NarrowPhaseCollision\btGjkEpaPenetrationDepthSolver.cpp">
      <Filter>Resource Files</Filter>
    </ClCompile>
    <ClCompile Include="include\bullet_include\BulletCollision\NarrowPhaseCollision\btGjkPairDetector.cpp">
      <Filter>Resource Files</Filter>
    </ClCompile>
    <ClCompile Include="include\bullet_include\BulletCollision\NarrowPhaseCollision\btMinkowskiPenetrationDepthSolver.cpp">
      <Filter>Resource Files</Filter>
    </ClCompile>
    <ClCompile Include="include\bullet_include\BulletCollision\NarrowPhaseCollision\btPersistentManifold.cpp">
      <Filter>Resource Files</Filter>
    </ClCompile>
    <ClCompile Include="include\bullet_include\BulletCollision\NarrowPhaseCollision\btRaycastCallback.cpp">
      <Filter>Resource Files</Filter>
    </ClCompile>
    <ClCompile Include="include\bullet_include\BulletCollision\NarrowPhaseCollision\btSubSimplexConvexCast.cpp">
      <Filter>Resource Files</Filter>
    </ClCompile>
    <ClCompile Include="include\bullet_include\BulletCollision\NarrowPhaseCollision\btVoronoiSimplexSolver.cpp">
      <Filter>Resource Files</Filter>
    </ClCompile>
    <ClCompile Include="include\bullet_include\BulletDynamics\Character\btKinematicCharacterController.cpp">
      <Filter>Resource Files</Filter>
    </ClCompile>
    <ClCompile Include="include\bullet_include\BulletDynamics\ConstraintSolver\btConeTwistConstraint.cpp">
      <Filter>Resource Files</Filter>
    </ClCompile>
    <ClCompile Include="include\bullet_include\BulletDynamics\ConstraintSolver\btContactConstraint.cpp">
      <Filter>Resource Files</Filter>
    </ClCompile>
    <ClCompile Include="include\bullet_include\BulletDynamics\ConstraintSolver\btGeneric6DofConstraint.cpp">
      <Filter>Resource Files</Filter>
    </ClCompile>
    <ClCompile Include="include\bullet_include\BulletDynamics\ConstraintSolver\btGeneric6DofSpringConstraint.cpp">
      <Filter>Resource Files</Filter>
    </ClCompile>
    <ClCompile Include="include\bullet_include\BulletDynamics\ConstraintSolver\btHinge2Constraint.cpp">
      <Filter>Resource Files</Filter>
    </ClCompile>
    <ClCompile Include="include\bullet_include\BulletDynamics\ConstraintSolver\btHingeConstraint.cpp">
      <Filter>Resource Files</Filter>
    </ClCompile>
    <ClCompile Include="include\bullet_include\BulletDynamics\ConstraintSolver\btPoint2PointConstraint.cpp">
      <Filter>Resource Files</Filter>
    </ClCompile>
    <ClCompile Include="include\bullet_include\BulletDynamics\ConstraintSolver\btSequentialImpulseConstraintSolver.cpp">
      <Filter>Resource Files</Filter>
    </ClCompile>
    <ClCompile Include="include\bullet_include\BulletDynamics\ConstraintSolver\btSliderConstraint.cpp">
      <Filter>Resource Files</Filter>
    </ClCompile>
    <ClCompile Include="include\bullet_include\BulletDynamics\ConstraintSolver\btSolve2LinearConstraint.cpp">
      <Filter>Resource Files</Filter>
    </ClCompile>
    <ClCompile Include="include\bullet_include\BulletDynamics\ConstraintSolver\btTypedConstraint.cpp">
      <Filter>Resource Files</Filter>
    </ClCompile>
    <ClCompile Include="include\bullet_include\BulletDynamics\ConstraintSolver\btUniversalConstraint.cpp">
      <Filter>Resource Files</Filter>
    </ClCompile>
    <ClCompile Include="include\bullet_include\BulletDynamics\Dynamics\btContinuousDynamicsWorld.cpp">
      <Filter>Resource Files</Filter>
    </ClCompile>
    <ClCompile Include="include\bullet_include\BulletDynamics\Dynamics\btDiscreteDynamicsWorld.cpp">
      <Filter>Resource Files</Filter>
    </ClCompile>
    <ClCompile Include="include\bullet_include\BulletDynamics\Dynamics\btRigidBody.cpp">
      <Filter>Resource Files</Filter>
    </ClCompile>
    <ClCompile Include="include\bullet_include\BulletDynamics\Dynamics\btSimpleDynamicsWorld.cpp">
      <Filter>Resource Files</Filter>
    </ClCompile>
    <ClCompile Include="include\bullet_include\BulletDynamics\Dynamics\Bullet-C-API.cpp">
      <Filter>Resource Files</Filter>
    </ClCompile>
    <ClCompile Include="include\bullet_include\BulletDynamics\Vehicle\btRaycastVehicle.cpp">
      <Filter>Resource Files</Filter>
    </ClCompile>
    <ClCompile Include="include\bullet_include\BulletDynamics\Vehicle\btWheelInfo.cpp">
      <Filter>Resource Files</Filter>
    </ClCompile>
    <ClCompile Include="include\bullet_include\LinearMath\btAlignedAllocator.cpp">
      <Filter>Resource Files</Filter>
    </ClCompile>
    <ClCompile Include="include\bullet_include\LinearMath\btConvexHull.cpp">
      <Filter>Resource Files</Filter>
    </ClCompile>
    <ClCompile Include="include\bullet_include\LinearMath\btGeometryUtil.cpp">
      <Filter>Resource Files</Filter>
    </ClCompile>
    <ClCompile Include="include\bullet_include\LinearMath\btQuickprof.cpp">
      <Filter>Resource Files</Filter>
    </ClCompile>
    <ClCompile Include="include\bullet_include\LinearMath\btSerializer.cpp">
      <Filter>Resource Files</Filter>
    </ClCompile>
    <ClCompile Include="include\linearAlgebraDLL.cpp">
      <Filter>Resource Files</Filter>
    </ClCompile>
    <ClCompile Include="frameClock.cpp">
      <Filter>Source Files</Filter>
    </ClCompile>
    <ClCompile Include="sound.cpp">
      <Filter>Source Files</Filter>
    </ClCompile>
    <ClCompile Include="windowManager.cpp">
      <Filter>Source Files</Filter>
    </ClCompile>
    <ClCompile Include="debugDraw.cpp">
      <Filter>Source Files</Filter>
    </ClCompile>
  </ItemGroup>
  <ItemGroup>
    <ClInclude Include="assetManager.h">
      <Filter>Header Files</Filter>
    </ClInclude>
    <ClInclude Include="colladaFile.h">
      <Filter>Header Files</Filter>
    </ClInclude>
    <ClInclude Include="controller.h">
      <Filter>Header Files</Filter>
    </ClInclude>
    <ClInclude Include="entityCamera.h">
      <Filter>Header Files</Filter>
    </ClInclude>
    <ClInclude Include="entitySpectator.h">
      <Filter>Header Files</Filter>
    </ClInclude>
    <ClInclude Include="inputManager.h">
      <Filter>Header Files</Filter>
    </ClInclude>
    <ClInclude Include="md2File.h">
      <Filter>Header Files</Filter>
    </ClInclude>
    <ClInclude Include="md5.h">
      <Filter>Header Files</Filter>
    </ClInclude>
    <ClInclude Include="md5wrapper.h">
      <Filter>Header Files</Filter>
    </ClInclude>
    <ClInclude Include="messagePump.h">
      <Filter>Header Files</Filter>
    </ClInclude>
    <ClInclude Include="SceneNode.h">
      <Filter>Header Files</Filter>
    </ClInclude>
    <ClInclude Include="sceneObject.h">
      <Filter>Header Files</Filter>
    </ClInclude>
    <ClInclude Include="transformation.h">
      <Filter>Header Files</Filter>
    </ClInclude>
    <ClInclude Include="include\bullet_include\btBulletCollisionCommon.h">
      <Filter>Resource Files</Filter>
    </ClInclude>
    <ClInclude Include="include\bullet_include\btBulletDynamicsCommon.h">
      <Filter>Resource Files</Filter>
    </ClInclude>
    <ClInclude Include="include\bullet_include\Bullet-C-Api.h">
      <Filter>Resource Files</Filter>
    </ClInclude>
    <ClInclude Include="include\bullet_include\BulletCollision\BroadphaseCollision\btAxisSweep3.h">
      <Filter>Resource Files</Filter>
    </ClInclude>
    <ClInclude Include="include\bullet_include\BulletCollision\BroadphaseCollision\btBroadphaseInterface.h">
      <Filter>Resource Files</Filter>
    </ClInclude>
    <ClInclude Include="include\bullet_include\BulletCollision\BroadphaseCollision\btBroadphaseProxy.h">
      <Filter>Resource Files</Filter>
    </ClInclude>
    <ClInclude Include="include\bullet_include\BulletCollision\BroadphaseCollision\btCollisionAlgorithm.h">
      <Filter>Resource Files</Filter>
    </ClInclude>
    <ClInclude Include="include\bullet_include\BulletCollision\BroadphaseCollision\btDbvt.h">
      <Filter>Resource Files</Filter>
    </ClInclude>
    <ClInclude Include="include\bullet_include\BulletCollision\BroadphaseCollision\btDbvtBroadphase.h">
      <Filter>Resource Files</Filter>
    </ClInclude>
    <ClInclude Include="include\bullet_include\BulletCollision\BroadphaseCollision\btDispatcher.h">
      <Filter>Resource Files</Filter>
    </ClInclude>
    <ClInclude Include="include\bullet_include\BulletCollision\BroadphaseCollision\btMultiSapBroadphase.h">
      <Filter>Resource Files</Filter>
    </ClInclude>
    <ClInclude Include="include\bullet_include\BulletCollision\BroadphaseCollision\btOverlappingPairCache.h">
      <Filter>Resource Files</Filter>
    </ClInclude>
    <ClInclude Include="include\bullet_include\BulletCollision\BroadphaseCollision\btOverlappingPairCallback.h">
      <Filter>Resource Files</Filter>
    </ClInclude>
    <ClInclude Include="include\bullet_include\BulletCollision\BroadphaseCollision\btQuantizedBvh.h">
      <Filter>Resource Files</Filter>
    </ClInclude>
    <ClInclude Include="include\bullet_include\BulletCollision\BroadphaseCollision\btSimpleBroadphase.h">
      <Filter>Resource Files</Filter>
    </ClInclude>
    <ClInclude Include="include\bullet_include\BulletCollision\CollisionDispatch\btActivatingCollisionAlgorithm.h">
      <Filter>Resource Files</Filter>
    </ClInclude>
    <ClInclude Include="include\bullet_include\BulletCollision\CollisionDispatch\btBox2dBox2dCollisionAlgorithm.h">
      <Filter>Resource Files</Filter>
    </ClInclude>
    <ClInclude Include="include\bullet_include\BulletCollision\CollisionDispatch\btBoxBoxCollisionAlgorithm.h">
      <Filter>Resource Files</Filter>
    </ClInclude>
    <ClInclude Include="include\bullet_include\BulletCollision\CollisionDispatch\btBoxBoxDetector.h">
      <Filter>Resource Files</Filter>
    </ClInclude>
    <ClInclude Include="include\bullet_include\BulletCollision\CollisionDispatch\btCollisionConfiguration.h">
      <Filter>Resource Files</Filter>
    </ClInclude>
    <ClInclude Include="include\bullet_include\BulletCollision\CollisionDispatch\btCollisionCreateFunc.h">
      <Filter>Resource Files</Filter>
    </ClInclude>
    <ClInclude Include="include\bullet_include\BulletCollision\CollisionDispatch\btCollisionDispatcher.h">
      <Filter>Resource Files</Filter>
    </ClInclude>
    <ClInclude Include="include\bullet_include\BulletCollision\CollisionDispatch\btCollisionObject.h">
      <Filter>Resource Files</Filter>
    </ClInclude>
    <ClInclude Include="include\bullet_include\BulletCollision\CollisionDispatch\btCollisionWorld.h">
      <Filter>Resource Files</Filter>
    </ClInclude>
    <ClInclude Include="include\bullet_include\BulletCollision\CollisionDispatch\btCompoundCollisionAlgorithm.h">
      <Filter>Resource Files</Filter>
    </ClInclude>
    <ClInclude Include="include\bullet_include\BulletCollision\CollisionDispatch\btConvex2dConvex2dAlgorithm.h">
      <Filter>Resource Files</Filter>
    </ClInclude>
    <ClInclude Include="include\bullet_include\BulletCollision\CollisionDispatch\btConvexConcaveCollisionAlgorithm.h">
      <Filter>Resource Files</Filter>
    </ClInclude>
    <ClInclude Include="include\bullet_include\BulletCollision\CollisionDispatch\btConvexConvexAlgorithm.h">
      <Filter>Resource Files</Filter>
    </ClInclude>
    <ClInclude Include="include\bullet_include\BulletCollision\CollisionDispatch\btConvexPlaneCollisionAlgorithm.h">
      <Filter>Resource Files</Filter>
    </ClInclude>
    <ClInclude Include="include\bullet_include\BulletCollision\CollisionDispatch\btDefaultCollisionConfiguration.h">
      <Filter>Resource Files</Filter>
    </ClInclude>
    <ClInclude Include="include\bullet_include\BulletCollision\CollisionDispatch\btEmptyCollisionAlgorithm.h">
      <Filter>Resource Files</Filter>
    </ClInclude>
    <ClInclude Include="include\bullet_include\BulletCollision\CollisionDispatch\btGhostObject.h">
      <Filter>Resource Files</Filter>
    </ClInclude>
    <ClInclude Include="include\bullet_include\BulletCollision\CollisionDispatch\btInternalEdgeUtility.h">
      <Filter>Resource Files</Filter>
    </ClInclude>
    <ClInclude Include="include\bullet_include\BulletCollision\CollisionDispatch\btManifoldResult.h">
      <Filter>Resource Files</Filter>
    </ClInclude>
    <ClInclude Include="include\bullet_include\BulletCollision\CollisionDispatch\btSimulationIslandManager.h">
      <Filter>Resource Files</Filter>
    </ClInclude>
    <ClInclude Include="include\bullet_include\BulletCollision\CollisionDispatch\btSphereBoxCollisionAlgorithm.h">
      <Filter>Resource Files</Filter>
    </ClInclude>
    <ClInclude Include="include\bullet_include\BulletCollision\CollisionDispatch\btSphereSphereCollisionAlgorithm.h">
      <Filter>Resource Files</Filter>
    </ClInclude>
    <ClInclude Include="include\bullet_include\BulletCollision\CollisionDispatch\btSphereTriangleCollisionAlgorithm.h">
      <Filter>Resource Files</Filter>
    </ClInclude>
    <ClInclude Include="include\bullet_include\BulletCollision\CollisionDispatch\btUnionFind.h">
      <Filter>Resource Files</Filter>
    </ClInclude>
    <ClInclude Include="include\bullet_include\BulletCollision\CollisionDispatch\SphereTriangleDetector.h">
      <Filter>Resource Files</Filter>
    </ClInclude>
    <ClInclude Include="include\bullet_include\BulletCollision\CollisionShapes\btBox2dShape.h">
      <Filter>Resource Files</Filter>
    </ClInclude>
    <ClInclude Include="include\bullet_include\BulletCollision\CollisionShapes\btBoxShape.h">
      <Filter>Resource Files</Filter>
    </ClInclude>
    <ClInclude Include="include\bullet_include\BulletCollision\CollisionShapes\btBvhTriangleMeshShape.h">
      <Filter>Resource Files</Filter>
    </ClInclude>
    <ClInclude Include="include\bullet_include\BulletCollision\CollisionShapes\btCapsuleShape.h">
      <Filter>Resource Files</Filter>
    </ClInclude>
    <ClInclude Include="include\bullet_include\BulletCollision\CollisionShapes\btCollisionMargin.h">
      <Filter>Resource Files</Filter>
    </ClInclude>
    <ClInclude Include="include\bullet_include\BulletCollision\CollisionShapes\btCollisionShape.h">
      <Filter>Resource Files</Filter>
    </ClInclude>
    <ClInclude Include="include\bullet_include\BulletCollision\CollisionShapes\btCompoundShape.h">
      <Filter>Resource Files</Filter>
    </ClInclude>
    <ClInclude Include="include\bullet_include\BulletCollision\CollisionShapes\btConcaveShape.h">
      <Filter>Resource Files</Filter>
    </ClInclude>
    <ClInclude Include="include\bullet_include\BulletCollision\CollisionShapes\btConeShape.h">
      <Filter>Resource Files</Filter>
    </ClInclude>
    <ClInclude Include="include\bullet_include\BulletCollision\CollisionShapes\btConvex2dShape.h">
      <Filter>Resource Files</Filter>
    </ClInclude>
    <ClInclude Include="include\bullet_include\BulletCollision\CollisionShapes\btConvexHullShape.h">
      <Filter>Resource Files</Filter>
    </ClInclude>
    <ClInclude Include="include\bullet_include\BulletCollision\CollisionShapes\btConvexInternalShape.h">
      <Filter>Resource Files</Filter>
    </ClInclude>
    <ClInclude Include="include\bullet_include\BulletCollision\CollisionShapes\btConvexPointCloudShape.h">
      <Filter>Resource Files</Filter>
    </ClInclude>
    <ClInclude Include="include\bullet_include\BulletCollision\CollisionShapes\btConvexShape.h">
      <Filter>Resource Files</Filter>
    </ClInclude>
    <ClInclude Include="include\bullet_include\BulletCollision\CollisionShapes\btConvexTriangleMeshShape.h">
      <Filter>Resource Files</Filter>
    </ClInclude>
    <ClInclude Include="include\bullet_include\BulletCollision\CollisionShapes\btCylinderShape.h">
      <Filter>Resource Files</Filter>
    </ClInclude>
    <ClInclude Include="include\bullet_include\BulletCollision\CollisionShapes\btEmptyShape.h">
      <Filter>Resource Files</Filter>
    </ClInclude>
    <ClInclude Include="include\bullet_include\BulletCollision\CollisionShapes\btHeightfieldTerrainShape.h">
      <Filter>Resource Files</Filter>
    </ClInclude>
    <ClInclude Include="include\bullet_include\BulletCollision\CollisionShapes\btMaterial.h">
      <Filter>Resource Files</Filter>
    </ClInclude>
    <ClInclude Include="include\bullet_include\BulletCollision\CollisionShapes\btMinkowskiSumShape.h">
      <Filter>Resource Files</Filter>
    </ClInclude>
    <ClInclude Include="include\bullet_include\BulletCollision\CollisionShapes\btMultimaterialTriangleMeshShape.h">
      <Filter>Resource Files</Filter>
    </ClInclude>
    <ClInclude Include="include\bullet_include\BulletCollision\CollisionShapes\btMultiSphereShape.h">
      <Filter>Resource Files</Filter>
    </ClInclude>
    <ClInclude Include="include\bullet_include\BulletCollision\CollisionShapes\btOptimizedBvh.h">
      <Filter>Resource Files</Filter>
    </ClInclude>
    <ClInclude Include="include\bullet_include\BulletCollision\CollisionShapes\btPolyhedralConvexShape.h">
      <Filter>Resource Files</Filter>
    </ClInclude>
    <ClInclude Include="include\bullet_include\BulletCollision\CollisionShapes\btScaledBvhTriangleMeshShape.h">
      <Filter>Resource Files</Filter>
    </ClInclude>
    <ClInclude Include="include\bullet_include\BulletCollision\CollisionShapes\btShapeHull.h">
      <Filter>Resource Files</Filter>
    </ClInclude>
    <ClInclude Include="include\bullet_include\BulletCollision\CollisionShapes\btSphereShape.h">
      <Filter>Resource Files</Filter>
    </ClInclude>
    <ClInclude Include="include\bullet_include\BulletCollision\CollisionShapes\btStaticPlaneShape.h">
      <Filter>Resource Files</Filter>
    </ClInclude>
    <ClInclude Include="include\bullet_include\BulletCollision\CollisionShapes\btStridingMeshInterface.h">
      <Filter>Resource Files</Filter>
    </ClInclude>
    <ClInclude Include="include\bullet_include\BulletCollision\CollisionShapes\btTetrahedronShape.h">
      <Filter>Resource Files</Filter>
    </ClInclude>
    <ClInclude Include="include\bullet_include\BulletCollision\CollisionShapes\btTriangleBuffer.h">
      <Filter>Resource Files</Filter>
    </ClInclude>
    <ClInclude Include="include\bullet_include\BulletCollision\CollisionShapes\btTriangleCallback.h">
      <Filter>Resource Files</Filter>
    </ClInclude>
    <ClInclude Include="include\bullet_include\BulletCollision\CollisionShapes\btTriangleIndexVertexArray.h">
      <Filter>Resource Files</Filter>
    </ClInclude>
    <ClInclude Include="include\bullet_include\BulletCollision\CollisionShapes\btTriangleIndexVertexMaterialArray.h">
      <Filter>Resource Files</Filter>
    </ClInclude>
    <ClInclude Include="include\bullet_include\BulletCollision\CollisionShapes\btTriangleInfoMap.h">
      <Filter>Resource Files</Filter>
    </ClInclude>
    <ClInclude Include="include\bullet_include\BulletCollision\CollisionShapes\btTriangleMesh.h">
      <Filter>Resource Files</Filter>
    </ClInclude>
    <ClInclude Include="include\bullet_include\BulletCollision\CollisionShapes\btTriangleMeshShape.h">
      <Filter>Resource Files</Filter>
    </ClInclude>
    <ClInclude Include="include\bullet_include\BulletCollision\CollisionShapes\btTriangleShape.h">
      <Filter>Resource Files</Filter>
    </ClInclude>
    <ClInclude Include="include\bullet_include\BulletCollision\CollisionShapes\btUniformScalingShape.h">
      <Filter>Resource Files</Filter>
    </ClInclude>
    <ClInclude Include="include\bullet_include\BulletCollision\Gimpact\btBoxCollision.h">
      <Filter>Resource Files</Filter>
    </ClInclude>
    <ClInclude Include="include\bullet_include\BulletCollision\Gimpact\btClipPolygon.h">
      <Filter>Resource Files</Filter>
    </ClInclude>
    <ClInclude Include="include\bullet_include\BulletCollision\Gimpact\btContactProcessing.h">
      <Filter>Resource Files</Filter>
    </ClInclude>
    <ClInclude Include="include\bullet_include\BulletCollision\Gimpact\btGenericPoolAllocator.h">
      <Filter>Resource Files</Filter>
    </ClInclude>
    <ClInclude Include="include\bullet_include\BulletCollision\Gimpact\btGeometryOperations.h">
      <Filter>Resource Files</Filter>
    </ClInclude>
    <ClInclude Include="include\bullet_include\BulletCollision\Gimpact\btGImpactBvh.h">
      <Filter>Resource Files</Filter>
    </ClInclude>
    <ClInclude Include="include\bullet_include\BulletCollision\Gimpact\btGImpactCollisionAlgorithm.h">
      <Filter>Resource Files</Filter>
    </ClInclude>
    <ClInclude Include="include\bullet_include\BulletCollision\Gimpact\btGImpactMassUtil.h">
      <Filter>Resource Files</Filter>
    </ClInclude>
    <ClInclude Include="include\bullet_include\BulletCollision\Gimpact\btGImpactQuantizedBvh.h">
      <Filter>Resource Files</Filter>
    </ClInclude>
    <ClInclude Include="include\bullet_include\BulletCollision\Gimpact\btGImpactShape.h">
      <Filter>Resource Files</Filter>
    </ClInclude>
    <ClInclude Include="include\bullet_include\BulletCollision\Gimpact\btQuantization.h">
      <Filter>Resource Files</Filter>
    </ClInclude>
    <ClInclude Include="include\bullet_include\BulletCollision\Gimpact\btTriangleShapeEx.h">
      <Filter>Resource Files</Filter>
    </ClInclude>
    <ClInclude Include="include\bullet_include\BulletCollision\Gimpact\gim_array.h">
      <Filter>Resource Files</Filter>
    </ClInclude>
    <ClInclude Include="include\bullet_include\BulletCollision\Gimpact\gim_basic_geometry_operations.h">
      <Filter>Resource Files</Filter>
    </ClInclude>
    <ClInclude Include="include\bullet_include\BulletCollision\Gimpact\gim_bitset.h">
      <Filter>Resource Files</Filter>
    </ClInclude>
    <ClInclude Include="include\bullet_include\BulletCollision\Gimpact\gim_box_collision.h">
      <Filter>Resource Files</Filter>
    </ClInclude>
    <ClInclude Include="include\bullet_include\BulletCollision\Gimpact\gim_box_set.h">
      <Filter>Resource Files</Filter>
    </ClInclude>
    <ClInclude Include="include\bullet_include\BulletCollision\Gimpact\gim_clip_polygon.h">
      <Filter>Resource Files</Filter>
    </ClInclude>
    <ClInclude Include="include\bullet_include\BulletCollision\Gimpact\gim_contact.h">
      <Filter>Resource Files</Filter>
    </ClInclude>
    <ClInclude Include="include\bullet_include\BulletCollision\Gimpact\gim_geometry.h">
      <Filter>Resource Files</Filter>
    </ClInclude>
    <ClInclude Include="include\bullet_include\BulletCollision\Gimpact\gim_geom_types.h">
      <Filter>Resource Files</Filter>
    </ClInclude>
    <ClInclude Include="include\bullet_include\BulletCollision\Gimpact\gim_hash_table.h">
      <Filter>Resource Files</Filter>
    </ClInclude>
    <ClInclude Include="include\bullet_include\BulletCollision\Gimpact\gim_linear_math.h">
      <Filter>Resource Files</Filter>
    </ClInclude>
    <ClInclude Include="include\bullet_include\BulletCollision\Gimpact\gim_math.h">
      <Filter>Resource Files</Filter>
    </ClInclude>
    <ClInclude Include="include\bullet_include\BulletCollision\Gimpact\gim_memory.h">
      <Filter>Resource Files</Filter>
    </ClInclude>
    <ClInclude Include="include\bullet_include\BulletCollision\Gimpact\gim_radixsort.h">
      <Filter>Resource Files</Filter>
    </ClInclude>
    <ClInclude Include="include\bullet_include\BulletCollision\Gimpact\gim_tri_collision.h">
      <Filter>Resource Files</Filter>
    </ClInclude>
    <ClInclude Include="include\bullet_include\BulletCollision\NarrowPhaseCollision\btContinuousConvexCollision.h">
      <Filter>Resource Files</Filter>
    </ClInclude>
    <ClInclude Include="include\bullet_include\BulletCollision\NarrowPhaseCollision\btConvexCast.h">
      <Filter>Resource Files</Filter>
    </ClInclude>
    <ClInclude Include="include\bullet_include\BulletCollision\NarrowPhaseCollision\btConvexPenetrationDepthSolver.h">
      <Filter>Resource Files</Filter>
    </ClInclude>
    <ClInclude Include="include\bullet_include\BulletCollision\NarrowPhaseCollision\btDiscreteCollisionDetectorInterface.h">
      <Filter>Resource Files</Filter>
    </ClInclude>
    <ClInclude Include="include\bullet_include\BulletCollision\NarrowPhaseCollision\btGjkConvexCast.h">
      <Filter>Resource Files</Filter>
    </ClInclude>
    <ClInclude Include="include\bullet_include\BulletCollision\NarrowPhaseCollision\btGjkEpa2.h">
      <Filter>Resource Files</Filter>
    </ClInclude>
    <ClInclude Include="include\bullet_include\BulletCollision\NarrowPhaseCollision\btGjkEpaPenetrationDepthSolver.h">
      <Filter>Resource Files</Filter>
    </ClInclude>
    <ClInclude Include="include\bullet_include\BulletCollision\NarrowPhaseCollision\btGjkPairDetector.h">
      <Filter>Resource Files</Filter>
    </ClInclude>
    <ClInclude Include="include\bullet_include\BulletCollision\NarrowPhaseCollision\btManifoldPoint.h">
      <Filter>Resource Files</Filter>
    </ClInclude>
    <ClInclude Include="include\bullet_include\BulletCollision\NarrowPhaseCollision\btMinkowskiPenetrationDepthSolver.h">
      <Filter>Resource Files</Filter>
    </ClInclude>
    <ClInclude Include="include\bullet_include\BulletCollision\NarrowPhaseCollision\btPersistentManifold.h">
      <Filter>Resource Files</Filter>
    </ClInclude>
    <ClInclude Include="include\bullet_include\BulletCollision\NarrowPhaseCollision\btPointCollector.h">
      <Filter>Resource Files</Filter>
    </ClInclude>
    <ClInclude Include="include\bullet_include\BulletCollision\NarrowPhaseCollision\btRaycastCallback.h">
      <Filter>Resource Files</Filter>
    </ClInclude>
    <ClInclude Include="include\bullet_include\BulletCollision\NarrowPhaseCollision\btSimplexSolverInterface.h">
      <Filter>Resource Files</Filter>
    </ClInclude>
    <ClInclude Include="include\bullet_include\BulletCollision\NarrowPhaseCollision\btSubSimplexConvexCast.h">
      <Filter>Resource Files</Filter>
    </ClInclude>
    <ClInclude Include="include\bullet_include\BulletCollision\NarrowPhaseCollision\btVoronoiSimplexSolver.h">
      <Filter>Resource Files</Filter>
    </ClInclude>
    <ClInclude Include="include\bullet_include\BulletDynamics\Character\btCharacterControllerInterface.h">
      <Filter>Resource Files</Filter>
    </ClInclude>
    <ClInclude Include="include\bullet_include\BulletDynamics\Character\btKinematicCharacterController.h">
      <Filter>Resource Files</Filter>
    </ClInclude>
    <ClInclude Include="include\bullet_include\BulletDynamics\ConstraintSolver\btConeTwistConstraint.h">
      <Filter>Resource Files</Filter>
    </ClInclude>
    <ClInclude Include="include\bullet_include\BulletDynamics\ConstraintSolver\btConstraintSolver.h">
      <Filter>Resource Files</Filter>
    </ClInclude>
    <ClInclude Include="include\bullet_include\BulletDynamics\ConstraintSolver\btContactConstraint.h">
      <Filter>Resource Files</Filter>
    </ClInclude>
    <ClInclude Include="include\bullet_include\BulletDynamics\ConstraintSolver\btContactSolverInfo.h">
      <Filter>Resource Files</Filter>
    </ClInclude>
    <ClInclude Include="include\bullet_include\BulletDynamics\ConstraintSolver\btGeneric6DofConstraint.h">
      <Filter>Resource Files</Filter>
    </ClInclude>
    <ClInclude Include="include\bullet_include\BulletDynamics\ConstraintSolver\btGeneric6DofSpringConstraint.h">
      <Filter>Resource Files</Filter>
    </ClInclude>
    <ClInclude Include="include\bullet_include\BulletDynamics\ConstraintSolver\btHinge2Constraint.h">
      <Filter>Resource Files</Filter>
    </ClInclude>
    <ClInclude Include="include\bullet_include\BulletDynamics\ConstraintSolver\btHingeConstraint.h">
      <Filter>Resource Files</Filter>
    </ClInclude>
    <ClInclude Include="include\bullet_include\BulletDynamics\ConstraintSolver\btJacobianEntry.h">
      <Filter>Resource Files</Filter>
    </ClInclude>
    <ClInclude Include="include\bullet_include\BulletDynamics\ConstraintSolver\btPoint2PointConstraint.h">
      <Filter>Resource Files</Filter>
    </ClInclude>
    <ClInclude Include="include\bullet_include\BulletDynamics\ConstraintSolver\btSequentialImpulseConstraintSolver.h">
      <Filter>Resource Files</Filter>
    </ClInclude>
    <ClInclude Include="include\bullet_include\BulletDynamics\ConstraintSolver\btSliderConstraint.h">
      <Filter>Resource Files</Filter>
    </ClInclude>
    <ClInclude Include="include\bullet_include\BulletDynamics\ConstraintSolver\btSolve2LinearConstraint.h">
      <Filter>Resource Files</Filter>
    </ClInclude>
    <ClInclude Include="include\bullet_include\BulletDynamics\ConstraintSolver\btSolverBody.h">
      <Filter>Resource Files</Filter>
    </ClInclude>
    <ClInclude Include="include\bullet_include\BulletDynamics\ConstraintSolver\btSolverConstraint.h">
      <Filter>Resource Files</Filter>
    </ClInclude>
    <ClInclude Include="include\bullet_include\BulletDynamics\ConstraintSolver\btTypedConstraint.h">
      <Filter>Resource Files</Filter>
    </ClInclude>
    <ClInclude Include="include\bullet_include\BulletDynamics\ConstraintSolver\btUniversalConstraint.h">
      <Filter>Resource Files</Filter>
    </ClInclude>
    <ClInclude Include="include\bullet_include\BulletDynamics\Dynamics\btActionInterface.h">
      <Filter>Resource Files</Filter>
    </ClInclude>
    <ClInclude Include="include\bullet_include\BulletDynamics\Dynamics\btContinuousDynamicsWorld.h">
      <Filter>Resource Files</Filter>
    </ClInclude>
    <ClInclude Include="include\bullet_include\BulletDynamics\Dynamics\btDiscreteDynamicsWorld.h">
      <Filter>Resource Files</Filter>
    </ClInclude>
    <ClInclude Include="include\bullet_include\BulletDynamics\Dynamics\btDynamicsWorld.h">
      <Filter>Resource Files</Filter>
    </ClInclude>
    <ClInclude Include="include\bullet_include\BulletDynamics\Dynamics\btRigidBody.h">
      <Filter>Resource Files</Filter>
    </ClInclude>
    <ClInclude Include="include\bullet_include\BulletDynamics\Dynamics\btSimpleDynamicsWorld.h">
      <Filter>Resource Files</Filter>
    </ClInclude>
    <ClInclude Include="include\bullet_include\BulletDynamics\Vehicle\btRaycastVehicle.h">
      <Filter>Resource Files</Filter>
    </ClInclude>
    <ClInclude Include="include\bullet_include\BulletDynamics\Vehicle\btVehicleRaycaster.h">
      <Filter>Resource Files</Filter>
    </ClInclude>
    <ClInclude Include="include\bullet_include\BulletDynamics\Vehicle\btWheelInfo.h">
      <Filter>Resource Files</Filter>
    </ClInclude>
    <ClInclude Include="include\bullet_include\LinearMath\btAabbUtil2.h">
      <Filter>Resource Files</Filter>
    </ClInclude>
    <ClInclude Include="include\bullet_include\LinearMath\btAlignedAllocator.h">
      <Filter>Resource Files</Filter>
    </ClInclude>
    <ClInclude Include="include\bullet_include\LinearMath\btAlignedObjectArray.h">
      <Filter>Resource Files</Filter>
    </ClInclude>
    <ClInclude Include="include\bullet_include\LinearMath\btConvexHull.h">
      <Filter>Resource Files</Filter>
    </ClInclude>
    <ClInclude Include="include\bullet_include\LinearMath\btDefaultMotionState.h">
      <Filter>Resource Files</Filter>
    </ClInclude>
    <ClInclude Include="include\bullet_include\LinearMath\btGeometryUtil.h">
      <Filter>Resource Files</Filter>
    </ClInclude>
    <ClInclude Include="include\bullet_include\LinearMath\btHashMap.h">
      <Filter>Resource Files</Filter>
    </ClInclude>
    <ClInclude Include="include\bullet_include\LinearMath\btIDebugDraw.h">
      <Filter>Resource Files</Filter>
    </ClInclude>
    <ClInclude Include="include\bullet_include\LinearMath\btList.h">
      <Filter>Resource Files</Filter>
    </ClInclude>
    <ClInclude Include="include\bullet_include\LinearMath\btMatrix3x3.h">
      <Filter>Resource Files</Filter>
    </ClInclude>
    <ClInclude Include="include\bullet_include\LinearMath\btMinMax.h">
      <Filter>Resource Files</Filter>
    </ClInclude>
    <ClInclude Include="include\bullet_include\LinearMath\btMotionState.h">
      <Filter>Resource Files</Filter>
    </ClInclude>
    <ClInclude Include="include\bullet_include\LinearMath\btPoolAllocator.h">
      <Filter>Resource Files</Filter>
    </ClInclude>
    <ClInclude Include="include\bullet_include\LinearMath\btQuadWord.h">
      <Filter>Resource Files</Filter>
    </ClInclude>
    <ClInclude Include="include\bullet_include\LinearMath\btQuaternion.h">
      <Filter>Resource Files</Filter>
    </ClInclude>
    <ClInclude Include="include\bullet_include\LinearMath\btQuickprof.h">
      <Filter>Resource Files</Filter>
    </ClInclude>
    <ClInclude Include="include\bullet_include\LinearMath\btRandom.h">
      <Filter>Resource Files</Filter>
    </ClInclude>
    <ClInclude Include="include\bullet_include\LinearMath\btScalar.h">
      <Filter>Resource Files</Filter>
    </ClInclude>
    <ClInclude Include="include\bullet_include\LinearMath\btSerializer.h">
      <Filter>Resource Files</Filter>
    </ClInclude>
    <ClInclude Include="include\bullet_include\LinearMath\btStackAlloc.h">
      <Filter>Resource Files</Filter>
    </ClInclude>
    <ClInclude Include="include\bullet_include\LinearMath\btTransform.h">
      <Filter>Resource Files</Filter>
    </ClInclude>
    <ClInclude Include="include\bullet_include\LinearMath\btTransformUtil.h">
      <Filter>Resource Files</Filter>
    </ClInclude>
    <ClInclude Include="include\bullet_include\LinearMath\btVector3.h">
      <Filter>Resource Files</Filter>
    </ClInclude>
    <ClInclude Include="include\begin_code.h">
      <Filter>Resource Files</Filter>
    </ClInclude>
    <ClInclude Include="include\close_code.h">
      <Filter>Resource Files</Filter>
    </ClInclude>
    <ClInclude Include="include\config.h">
      <Filter>Resource Files</Filter>
    </ClInclude>
    <ClInclude Include="include\devil_internal_exports.h">
      <Filter>Resource Files</Filter>
    </ClInclude>
    <ClInclude Include="include\glut.h">
      <Filter>Resource Files</Filter>
    </ClInclude>
    <ClInclude Include="include\il.h">
      <Filter>Resource Files</Filter>
    </ClInclude>
    <ClInclude Include="include\il_wrap.h">
      <Filter>Resource Files</Filter>
    </ClInclude>
    <ClInclude Include="include\ilu.h">
      <Filter>Resource Files</Filter>
    </ClInclude>
    <ClInclude Include="include\ilu_region.h">
      <Filter>Resource Files</Filter>
    </ClInclude>
    <ClInclude Include="include\ilut.h">
      <Filter>Resource Files</Filter>
    </ClInclude>
    <ClInclude Include="include\ilut_config.h">
      <Filter>Resource Files</Filter>
    </ClInclude>
    <ClInclude Include="include\linearAlgebraDLL.h">
      <Filter>Resource Files</Filter>
    </ClInclude>
    <ClInclude Include="include\rapidxml.hpp">
      <Filter>Resource Files</Filter>
    </ClInclude>
    <ClInclude Include="include\SDL.h">
      <Filter>Resource Files</Filter>
    </ClInclude>
    <ClInclude Include="include\SDL_active.h">
      <Filter>Resource Files</Filter>
    </ClInclude>
    <ClInclude Include="include\SDL_audio.h">
      <Filter>Resource Files</Filter>
    </ClInclude>
    <ClInclude Include="include\SDL_byteorder.h">
      <Filter>Resource Files</Filter>
    </ClInclude>
    <ClInclude Include="include\SDL_cdrom.h">
      <Filter>Resource Files</Filter>
    </ClInclude>
    <ClInclude Include="include\SDL_config.h">
      <Filter>Resource Files</Filter>
    </ClInclude>
    <ClInclude Include="include\SDL_config_amiga.h">
      <Filter>Resource Files</Filter>
    </ClInclude>
    <ClInclude Include="include\SDL_config_dreamcast.h">
      <Filter>Resource Files</Filter>
    </ClInclude>
    <ClInclude Include="include\SDL_config_macos.h">
      <Filter>Resource Files</Filter>
    </ClInclude>
    <ClInclude Include="include\SDL_config_macosx.h">
      <Filter>Resource Files</Filter>
    </ClInclude>
    <ClInclude Include="include\SDL_config_minimal.h">
      <Filter>Resource Files</Filter>
    </ClInclude>
    <ClInclude Include="include\SDL_config_nds.h">
      <Filter>Resource Files</Filter>
    </ClInclude>
    <ClInclude Include="include\SDL_config_os2.h">
      <Filter>Resource Files</Filter>
    </ClInclude>
    <ClInclude Include="include\SDL_config_symbian.h">
      <Filter>Resource Files</Filter>
    </ClInclude>
    <ClInclude Include="include\SDL_config_win32.h">
      <Filter>Resource Files</Filter>
    </ClInclude>
    <ClInclude Include="include\SDL_copying.h">
      <Filter>Resource Files</Filter>
    </ClInclude>
    <ClInclude Include="include\SDL_cpuinfo.h">
      <Filter>Resource Files</Filter>
    </ClInclude>
    <ClInclude Include="include\SDL_endian.h">
      <Filter>Resource Files</Filter>
    </ClInclude>
    <ClInclude Include="include\SDL_error.h">
      <Filter>Resource Files</Filter>
    </ClInclude>
    <ClInclude Include="include\SDL_events.h">
      <Filter>Resource Files</Filter>
    </ClInclude>
    <ClInclude Include="include\SDL_getenv.h">
      <Filter>Resource Files</Filter>
    </ClInclude>
    <ClInclude Include="include\SDL_joystick.h">
      <Filter>Resource Files</Filter>
    </ClInclude>
    <ClInclude Include="include\SDL_keyboard.h">
      <Filter>Resource Files</Filter>
    </ClInclude>
    <ClInclude Include="include\SDL_keysym.h">
      <Filter>Resource Files</Filter>
    </ClInclude>
    <ClInclude Include="include\SDL_loadso.h">
      <Filter>Resource Files</Filter>
    </ClInclude>
    <ClInclude Include="include\SDL_main.h">
      <Filter>Resource Files</Filter>
    </ClInclude>
    <ClInclude Include="include\SDL_mouse.h">
      <Filter>Resource Files</Filter>
    </ClInclude>
    <ClInclude Include="include\SDL_mutex.h">
      <Filter>Resource Files</Filter>
    </ClInclude>
    <ClInclude Include="include\SDL_name.h">
      <Filter>Resource Files</Filter>
    </ClInclude>
    <ClInclude Include="include\SDL_opengl.h">
      <Filter>Resource Files</Filter>
    </ClInclude>
    <ClInclude Include="include\SDL_platform.h">
      <Filter>Resource Files</Filter>
    </ClInclude>
    <ClInclude Include="include\SDL_quit.h">
      <Filter>Resource Files</Filter>
    </ClInclude>
    <ClInclude Include="include\SDL_rwops.h">
      <Filter>Resource Files</Filter>
    </ClInclude>
    <ClInclude Include="include\SDL_stdinc.h">
      <Filter>Resource Files</Filter>
    </ClInclude>
    <ClInclude Include="include\SDL_syswm.h">
      <Filter>Resource Files</Filter>
    </ClInclude>
    <ClInclude Include="include\SDL_thread.h">
      <Filter>Resource Files</Filter>
    </ClInclude>
    <ClInclude Include="include\SDL_timer.h">
      <Filter>Resource Files</Filter>
    </ClInclude>
    <ClInclude Include="include\SDL_types.h">
      <Filter>Resource Files</Filter>
    </ClInclude>
    <ClInclude Include="include\SDL_version.h">
      <Filter>Resource Files</Filter>
    </ClInclude>
    <ClInclude Include="include\SDL_video.h">
      <Filter>Resource Files</Filter>
    </ClInclude>
    <ClInclude Include="frameClock.h">
      <Filter>Header Files</Filter>
    </ClInclude>
    <ClInclude Include="globals.h">
      <Filter>Header Files</Filter>
    </ClInclude>
    <ClInclude Include="sound.h">
      <Filter>Header Files</Filter>
    </ClInclude>
    <ClInclude Include="windowManager.h">
      <Filter>Header Files</Filter>
    </ClInclude>
    <ClInclude Include="debugDraw.h">
      <Filter>Header Files</Filter>
    </ClInclude>
  </ItemGroup>
  <ItemGroup>
    <None Include="snippets.txt">
      <Filter>textfiles</Filter>
    </None>
    <None Include="todo.txt">
      <Filter>textfiles</Filter>
    </None>
    <None Include="TEAMDETAILS.txt" />
    <None Include="include\glut.def">
      <Filter>Resource Files</Filter>
    </None>
    <None Include="include\nhe.ico">
      <Filter>Resource Files</Filter>
    </None>
    <None Include="include\bosscube.jpg">
      <Filter>Resource Files</Filter>
    </None>
    <None Include="include\cyber.jpg">
      <Filter>Resource Files</Filter>
    </None>
    <None Include="include\lostsoul.jpg">
      <Filter>Resource Files</Filter>
    </None>
    <None Include="include\bosscube.md2">
      <Filter>Resource Files</Filter>
    </None>
    <None Include="include\Cyber.md2">
      <Filter>Resource Files</Filter>
    </None>
    <None Include="include\Lostsoul.md2">
      <Filter>Resource Files</Filter>
    </None>
    <None Include="include\snippets.txt">
      <Filter>Resource Files</Filter>
    </None>
    <None Include="include\evil_laugh.wav">
      <Filter>Resource Files</Filter>
    </None>
    <None Include="include\config.h.win">
      <Filter>Resource Files</Filter>
    </None>
    <None Include="include\astroboy.dae">
      <Filter>Resource Files</Filter>
    </None>
    <None Include="include\duck.dae">
      <Filter>Resource Files</Filter>
    </None>
    <None Include="DevIL.dll">
      <Filter>Resource Files</Filter>
    </None>
    <None Include="glut32.dll">
      <Filter>Resource Files</Filter>
    </None>
    <None Include="ILU.dll">
      <Filter>Resource Files</Filter>
    </None>
    <None Include="ILUT.dll">
      <Filter>Resource Files</Filter>
    </None>
    <None Include="LinearAlgebraDLL.dll">
      <Filter>Resource Files</Filter>
    </None>
    <None Include="SDL.dll">
      <Filter>Resource Files</Filter>
    </None>
    <None Include="include\duckCM.tga">
      <Filter>Resource Files</Filter>
    </None>
    <None Include="include\MENULOOP.WAV">
      <Filter>Resource Files</Filter>
    </None>
  </ItemGroup>
  <ItemGroup>
    <Library Include="include\BulletCollision.lib">
      <Filter>Resource Files</Filter>
    </Library>
    <Library Include="include\BulletDynamics.lib">
      <Filter>Resource Files</Filter>
    </Library>
    <Library Include="include\DevIL.lib">
      <Filter>Resource Files</Filter>
    </Library>
    <Library Include="include\glut32.lib">
      <Filter>Resource Files</Filter>
    </Library>
    <Library Include="include\ILU.lib">
      <Filter>Resource Files</Filter>
    </Library>
    <Library Include="include\ILUT.lib">
      <Filter>Resource Files</Filter>
    </Library>
    <Library Include="include\LinearAlgebraDLL.lib">
      <Filter>Resource Files</Filter>
    </Library>
    <Library Include="include\LinearMath.lib">
      <Filter>Resource Files</Filter>
    </Library>
    <Library Include="include\SDL.lib">
      <Filter>Resource Files</Filter>
    </Library>
    <Library Include="include\SDLmain.lib">
      <Filter>Resource Files</Filter>
    </Library>
  </ItemGroup>
</Project>