
Microsoft Visual Studio Solution File, Format Version 11.00
# Visual Studio 2010
Project("{8BC9CEB8-8B4A-11D0-8D11-00A0C91BC942}") = "DDEngine", "DDEngine\DDEngine.vcxproj", "{61DF5915-7482-48C6-BA48-594F602C511C}"
EndProject
Project("{8BC9CEB8-8B4A-11D0-8D11-00A0C91BC942}") = "DDEngineMain", "DDEngineMain\DDEngineMain.vcxproj", "{F89214A9-3127-42B2-9290-7B9AB1191FAE}"
	ProjectSection(ProjectDependencies) = postProject
		{61DF5915-7482-48C6-BA48-594F602C511C} = {61DF5915-7482-48C6-BA48-594F602C511C}
	EndProjectSection
EndProject
Project("{8BC9CEB8-8B4A-11D0-8D11-00A0C91BC942}") = "ShaderMain", "ShaderMain\ShaderMain.vcxproj", "{D4D99EEE-707E-43E8-B382-B4D204EA8469}"
	ProjectSection(ProjectDependencies) = postProject
		{61DF5915-7482-48C6-BA48-594F602C511C} = {61DF5915-7482-48C6-BA48-594F602C511C}
	EndProjectSection
EndProject
Project("{8BC9CEB8-8B4A-11D0-8D11-00A0C91BC942}") = "PhysicsMain", "PhysicsMain\PhysicsMain.vcxproj", "{54383B4D-BE05-46CC-829F-9E3A0BBE259B}"
	ProjectSection(ProjectDependencies) = postProject
		{61DF5915-7482-48C6-BA48-594F602C511C} = {61DF5915-7482-48C6-BA48-594F602C511C}
	EndProjectSection
EndProject
Global
	GlobalSection(SubversionScc) = preSolution
		Svn-Managed = True
		Manager = AnkhSVN - Subversion Support for Visual Studio
	EndGlobalSection
	GlobalSection(SolutionConfigurationPlatforms) = preSolution
		Debug|Win32 = Debug|Win32
		Release|Win32 = Release|Win32
	EndGlobalSection
	GlobalSection(ProjectConfigurationPlatforms) = postSolution
		{61DF5915-7482-48C6-BA48-594F602C511C}.Debug|Win32.ActiveCfg = Debug|Win32
		{61DF5915-7482-48C6-BA48-594F602C511C}.Debug|Win32.Build.0 = Debug|Win32
		{61DF5915-7482-48C6-BA48-594F602C511C}.Release|Win32.ActiveCfg = Release|Win32
		{61DF5915-7482-48C6-BA48-594F602C511C}.Release|Win32.Build.0 = Release|Win32
		{F89214A9-3127-42B2-9290-7B9AB1191FAE}.Debug|Win32.ActiveCfg = Debug|Win32
		{F89214A9-3127-42B2-9290-7B9AB1191FAE}.Debug|Win32.Build.0 = Debug|Win32
		{F89214A9-3127-42B2-9290-7B9AB1191FAE}.Release|Win32.ActiveCfg = Release|Win32
		{F89214A9-3127-42B2-9290-7B9AB1191FAE}.Release|Win32.Build.0 = Release|Win32
		{D4D99EEE-707E-43E8-B382-B4D204EA8469}.Debug|Win32.ActiveCfg = Debug|Win32
		{D4D99EEE-707E-43E8-B382-B4D204EA8469}.Debug|Win32.Build.0 = Debug|Win32
		{D4D99EEE-707E-43E8-B382-B4D204EA8469}.Release|Win32.ActiveCfg = Release|Win32
		{D4D99EEE-707E-43E8-B382-B4D204EA8469}.Release|Win32.Build.0 = Release|Win32
		{54383B4D-BE05-46CC-829F-9E3A0BBE259B}.Debug|Win32.ActiveCfg = Debug|Win32
		{54383B4D-BE05-46CC-829F-9E3A0BBE259B}.Debug|Win32.Build.0 = Debug|Win32
		{54383B4D-BE05-46CC-829F-9E3A0BBE259B}.Release|Win32.ActiveCfg = Release|Win32
		{54383B4D-BE05-46CC-829F-9E3A0BBE259B}.Release|Win32.Build.0 = Release|Win32
	EndGlobalSection
	GlobalSection(SolutionProperties) = preSolution
		HideSolutionNode = FALSE
	EndGlobalSection
EndGlobal
