
Microsoft Visual Studio Solution File, Format Version 11.00
# Visual Studio 2010
Project("{8BC9CEB8-8B4A-11D0-8D11-00A0C91BC942}") = "LinearAlgebraDLL", "LinearAlgebraDLL\LinearAlgebraDLL.vcxproj", "{48AC0339-CCF2-4CF0-8B2E-1DEBF9BE1EBA}"
EndProject
Project("{8BC9CEB8-8B4A-11D0-8D11-00A0C91BC942}") = "DDEngine", "DDEngine\DDEngine.vcxproj", "{61DF5915-7482-48C6-BA48-594F602C511C}"
	ProjectSection(ProjectDependencies) = postProject
		{48AC0339-CCF2-4CF0-8B2E-1DEBF9BE1EBA} = {48AC0339-CCF2-4CF0-8B2E-1DEBF9BE1EBA}
	EndProjectSection
EndProject
Project("{8BC9CEB8-8B4A-11D0-8D11-00A0C91BC942}") = "OPENGL5Main", "OPENGL5Main\OPENGL5Main.vcxproj", "{1E5DE536-15B0-4E51-81E1-6577648967D8}"
	ProjectSection(ProjectDependencies) = postProject
		{61DF5915-7482-48C6-BA48-594F602C511C} = {61DF5915-7482-48C6-BA48-594F602C511C}
		{48AC0339-CCF2-4CF0-8B2E-1DEBF9BE1EBA} = {48AC0339-CCF2-4CF0-8B2E-1DEBF9BE1EBA}
	EndProjectSection
EndProject
Global
	GlobalSection(SubversionScc) = preSolution
		Svn-Managed = True
		Manager = AnkhSVN - Subversion Support for Visual Studio
	EndGlobalSection
	GlobalSection(SolutionConfigurationPlatforms) = preSolution
		Debug|Win32 = Debug|Win32
		Release|Win32 = Release|Win32
	EndGlobalSection
	GlobalSection(ProjectConfigurationPlatforms) = postSolution
		{48AC0339-CCF2-4CF0-8B2E-1DEBF9BE1EBA}.Debug|Win32.ActiveCfg = Debug|Win32
		{48AC0339-CCF2-4CF0-8B2E-1DEBF9BE1EBA}.Debug|Win32.Build.0 = Debug|Win32
		{48AC0339-CCF2-4CF0-8B2E-1DEBF9BE1EBA}.Release|Win32.ActiveCfg = Release|Win32
		{48AC0339-CCF2-4CF0-8B2E-1DEBF9BE1EBA}.Release|Win32.Build.0 = Release|Win32
		{61DF5915-7482-48C6-BA48-594F602C511C}.Debug|Win32.ActiveCfg = Debug|Win32
		{61DF5915-7482-48C6-BA48-594F602C511C}.Debug|Win32.Build.0 = Debug|Win32
		{61DF5915-7482-48C6-BA48-594F602C511C}.Release|Win32.ActiveCfg = Release|Win32
		{61DF5915-7482-48C6-BA48-594F602C511C}.Release|Win32.Build.0 = Release|Win32
		{1E5DE536-15B0-4E51-81E1-6577648967D8}.Debug|Win32.ActiveCfg = Debug|Win32
		{1E5DE536-15B0-4E51-81E1-6577648967D8}.Debug|Win32.Build.0 = Debug|Win32
		{1E5DE536-15B0-4E51-81E1-6577648967D8}.Release|Win32.ActiveCfg = Release|Win32
		{1E5DE536-15B0-4E51-81E1-6577648967D8}.Release|Win32.Build.0 = Release|Win32
	EndGlobalSection
	GlobalSection(SolutionProperties) = preSolution
		HideSolutionNode = FALSE
	EndGlobalSection
EndGlobal
