<?xml version="1.0" encoding="utf-8"?>
<Project ToolsVersion="4.0" xmlns="http://schemas.microsoft.com/developer/msbuild/2003">
  <ItemGroup>
    <Filter Include="Source Files">
      <UniqueIdentifier>{4FC737F1-C7A5-4376-A066-2A32D752A2FF}</UniqueIdentifier>
      <Extensions>cpp;c;cc;cxx;def;odl;idl;hpj;bat;asm;asmx</Extensions>
    </Filter>
    <Filter Include="Header Files">
      <UniqueIdentifier>{93995380-89BD-4b04-88EB-625FBE52EBFB}</UniqueIdentifier>
      <Extensions>h;hpp;hxx;hm;inl;inc;xsd</Extensions>
    </Filter>
    <Filter Include="Resource Files">
      <UniqueIdentifier>{67DA6AB6-F800-4c08-8B7A-83BB121AAD01}</UniqueIdentifier>
      <Extensions>rc;ico;cur;bmp;dlg;rc2;rct;bin;rgs;gif;jpg;jpeg;jpe;resx;tiff;tif;png;wav;mfcribbon-ms</Extensions>
    </Filter>
  </ItemGroup>
  <ItemGroup>
    <ClCompile Include="include\linearAlgebraDLL.cpp">
      <Filter>Resource Files</Filter>
    </ClCompile>
    <ClCompile Include="LinearAlgebraUnityTest.cpp">
      <Filter>Source Files</Filter>
    </ClCompile>
  </ItemGroup>
  <ItemGroup>
    <ClInclude Include="include\linearAlgebraDLL.h">
      <Filter>Resource Files</Filter>
    </ClInclude>
    <ClInclude Include="include\boost\bind\apply.hpp">
      <Filter>Resource Files</Filter>
    </ClInclude>
    <ClInclude Include="include\boost\bind\arg.hpp">
      <Filter>Resource Files</Filter>
    </ClInclude>
    <ClInclude Include="include\boost\bind\bind.hpp">
      <Filter>Resource Files</Filter>
    </ClInclude>
    <ClInclude Include="include\boost\bind\bind_cc.hpp">
      <Filter>Resource Files</Filter>
    </ClInclude>
    <ClInclude Include="include\boost\bind\bind_mf_cc.hpp">
      <Filter>Resource Files</Filter>
    </ClInclude>
    <ClInclude Include="include\boost\bind\bind_mf2_cc.hpp">
      <Filter>Resource Files</Filter>
    </ClInclude>
    <ClInclude Include="include\boost\bind\bind_template.hpp">
      <Filter>Resource Files</Filter>
    </ClInclude>
    <ClInclude Include="include\boost\bind\make_adaptable.hpp">
      <Filter>Resource Files</Filter>
    </ClInclude>
    <ClInclude Include="include\boost\bind\mem_fn.hpp">
      <Filter>Resource Files</Filter>
    </ClInclude>
    <ClInclude Include="include\boost\bind\mem_fn_cc.hpp">
      <Filter>Resource Files</Filter>
    </ClInclude>
    <ClInclude Include="include\boost\bind\mem_fn_template.hpp">
      <Filter>Resource Files</Filter>
    </ClInclude>
    <ClInclude Include="include\boost\bind\mem_fn_vw.hpp">
      <Filter>Resource Files</Filter>
    </ClInclude>
    <ClInclude Include="include\boost\bind\placeholders.hpp">
      <Filter>Resource Files</Filter>
    </ClInclude>
    <ClInclude Include="include\boost\bind\protect.hpp">
      <Filter>Resource Files</Filter>
    </ClInclude>
    <ClInclude Include="include\boost\bind\storage.hpp">
      <Filter>Resource Files</Filter>
    </ClInclude>
    <ClInclude Include="include\boost\config\abi\borland_prefix.hpp">
      <Filter>Resource Files</Filter>
    </ClInclude>
    <ClInclude Include="include\boost\config\abi\borland_suffix.hpp">
      <Filter>Resource Files</Filter>
    </ClInclude>
    <ClInclude Include="include\boost\config\abi\msvc_prefix.hpp">
      <Filter>Resource Files</Filter>
    </ClInclude>
    <ClInclude Include="include\boost\config\abi\msvc_suffix.hpp">
      <Filter>Resource Files</Filter>
    </ClInclude>
    <ClInclude Include="include\boost\config\compiler\borland.hpp">
      <Filter>Resource Files</Filter>
    </ClInclude>
    <ClInclude Include="include\boost\config\compiler\clang.hpp">
      <Filter>Resource Files</Filter>
    </ClInclude>
    <ClInclude Include="include\boost\config\compiler\codegear.hpp">
      <Filter>Resource Files</Filter>
    </ClInclude>
    <ClInclude Include="include\boost\config\compiler\comeau.hpp">
      <Filter>Resource Files</Filter>
    </ClInclude>
    <ClInclude Include="include\boost\config\compiler\common_edg.hpp">
      <Filter>Resource Files</Filter>
    </ClInclude>
    <ClInclude Include="include\boost\config\compiler\compaq_cxx.hpp">
      <Filter>Resource Files</Filter>
    </ClInclude>
    <ClInclude Include="include\boost\config\compiler\digitalmars.hpp">
      <Filter>Resource Files</Filter>
    </ClInclude>
    <ClInclude Include="include\boost\config\compiler\gcc.hpp">
      <Filter>Resource Files</Filter>
    </ClInclude>
    <ClInclude Include="include\boost\config\compiler\gcc_xml.hpp">
      <Filter>Resource Files</Filter>
    </ClInclude>
    <ClInclude Include="include\boost\config\compiler\greenhills.hpp">
      <Filter>Resource Files</Filter>
    </ClInclude>
    <ClInclude Include="include\boost\config\compiler\hp_acc.hpp">
      <Filter>Resource Files</Filter>
    </ClInclude>
    <ClInclude Include="include\boost\config\compiler\intel.hpp">
      <Filter>Resource Files</Filter>
    </ClInclude>
    <ClInclude Include="include\boost\config\compiler\kai.hpp">
      <Filter>Resource Files</Filter>
    </ClInclude>
    <ClInclude Include="include\boost\config\compiler\metrowerks.hpp">
      <Filter>Resource Files</Filter>
    </ClInclude>
    <ClInclude Include="include\boost\config\compiler\mpw.hpp">
      <Filter>Resource Files</Filter>
    </ClInclude>
    <ClInclude Include="include\boost\config\compiler\nvcc.hpp">
      <Filter>Resource Files</Filter>
    </ClInclude>
    <ClInclude Include="include\boost\config\compiler\pgi.hpp">
      <Filter>Resource Files</Filter>
    </ClInclude>
    <ClInclude Include="include\boost\config\compiler\sgi_mipspro.hpp">
      <Filter>Resource Files</Filter>
    </ClInclude>
    <ClInclude Include="include\boost\config\compiler\sunpro_cc.hpp">
      <Filter>Resource Files</Filter>
    </ClInclude>
    <ClInclude Include="include\boost\config\compiler\vacpp.hpp">
      <Filter>Resource Files</Filter>
    </ClInclude>
    <ClInclude Include="include\boost\config\compiler\visualc.hpp">
      <Filter>Resource Files</Filter>
    </ClInclude>
    <ClInclude Include="include\boost\config\no_tr1\cmath.hpp">
      <Filter>Resource Files</Filter>
    </ClInclude>
    <ClInclude Include="include\boost\config\no_tr1\complex.hpp">
      <Filter>Resource Files</Filter>
    </ClInclude>
    <ClInclude Include="include\boost\config\no_tr1\functional.hpp">
      <Filter>Resource Files</Filter>
    </ClInclude>
    <ClInclude Include="include\boost\config\no_tr1\memory.hpp">
      <Filter>Resource Files</Filter>
    </ClInclude>
    <ClInclude Include="include\boost\config\no_tr1\utility.hpp">
      <Filter>Resource Files</Filter>
    </ClInclude>
    <ClInclude Include="include\boost\config\platform\aix.hpp">
      <Filter>Resource Files</Filter>
    </ClInclude>
    <ClInclude Include="include\boost\config\platform\amigaos.hpp">
      <Filter>Resource Files</Filter>
    </ClInclude>
    <ClInclude Include="include\boost\config\platform\beos.hpp">
      <Filter>Resource Files</Filter>
    </ClInclude>
    <ClInclude Include="include\boost\config\platform\bsd.hpp">
      <Filter>Resource Files</Filter>
    </ClInclude>
    <ClInclude Include="include\boost\config\platform\cygwin.hpp">
      <Filter>Resource Files</Filter>
    </ClInclude>
    <ClInclude Include="include\boost\config\platform\hpux.hpp">
      <Filter>Resource Files</Filter>
    </ClInclude>
    <ClInclude Include="include\boost\config\platform\irix.hpp">
      <Filter>Resource Files</Filter>
    </ClInclude>
    <ClInclude Include="include\boost\config\platform\linux.hpp">
      <Filter>Resource Files</Filter>
    </ClInclude>
    <ClInclude Include="include\boost\config\platform\macos.hpp">
      <Filter>Resource Files</Filter>
    </ClInclude>
    <ClInclude Include="include\boost\config\platform\qnxnto.hpp">
      <Filter>Resource Files</Filter>
    </ClInclude>
    <ClInclude Include="include\boost\config\platform\solaris.hpp">
      <Filter>Resource Files</Filter>
    </ClInclude>
    <ClInclude Include="include\boost\config\platform\symbian.hpp">
      <Filter>Resource Files</Filter>
    </ClInclude>
    <ClInclude Include="include\boost\config\platform\vxworks.hpp">
      <Filter>Resource Files</Filter>
    </ClInclude>
    <ClInclude Include="include\boost\config\platform\win32.hpp">
      <Filter>Resource Files</Filter>
    </ClInclude>
    <ClInclude Include="include\boost\config\stdlib\dinkumware.hpp">
      <Filter>Resource Files</Filter>
    </ClInclude>
    <ClInclude Include="include\boost\config\stdlib\libcomo.hpp">
      <Filter>Resource Files</Filter>
    </ClInclude>
    <ClInclude Include="include\boost\config\stdlib\libstdcpp3.hpp">
      <Filter>Resource Files</Filter>
    </ClInclude>
    <ClInclude Include="include\boost\config\stdlib\modena.hpp">
      <Filter>Resource Files</Filter>
    </ClInclude>
    <ClInclude Include="include\boost\config\stdlib\msl.hpp">
      <Filter>Resource Files</Filter>
    </ClInclude>
    <ClInclude Include="include\boost\config\stdlib\roguewave.hpp">
      <Filter>Resource Files</Filter>
    </ClInclude>
    <ClInclude Include="include\boost\config\stdlib\sgi.hpp">
      <Filter>Resource Files</Filter>
    </ClInclude>
    <ClInclude Include="include\boost\config\stdlib\stlport.hpp">
      <Filter>Resource Files</Filter>
    </ClInclude>
    <ClInclude Include="include\boost\config\stdlib\vacpp.hpp">
      <Filter>Resource Files</Filter>
    </ClInclude>
    <ClInclude Include="include\boost\config\abi_prefix.hpp">
      <Filter>Resource Files</Filter>
    </ClInclude>
    <ClInclude Include="include\boost\config\abi_suffix.hpp">
      <Filter>Resource Files</Filter>
    </ClInclude>
    <ClInclude Include="include\boost\config\auto_link.hpp">
      <Filter>Resource Files</Filter>
    </ClInclude>
    <ClInclude Include="include\boost\config\posix_features.hpp">
      <Filter>Resource Files</Filter>
    </ClInclude>
    <ClInclude Include="include\boost\config\requires_threads.hpp">
      <Filter>Resource Files</Filter>
    </ClInclude>
    <ClInclude Include="include\boost\config\select_compiler_config.hpp">
      <Filter>Resource Files</Filter>
    </ClInclude>
    <ClInclude Include="include\boost\config\select_platform_config.hpp">
      <Filter>Resource Files</Filter>
    </ClInclude>
    <ClInclude Include="include\boost\config\select_stdlib_config.hpp">
      <Filter>Resource Files</Filter>
    </ClInclude>
    <ClInclude Include="include\boost\config\suffix.hpp">
      <Filter>Resource Files</Filter>
    </ClInclude>
    <ClInclude Include="include\boost\config\user.hpp">
      <Filter>Resource Files</Filter>
    </ClInclude>
    <ClInclude Include="include\boost\config\warning_disable.hpp">
      <Filter>Resource Files</Filter>
    </ClInclude>
    <ClInclude Include="include\boost\detail\algorithm.hpp">
      <Filter>Resource Files</Filter>
    </ClInclude>
    <ClInclude Include="include\boost\detail\allocator_utilities.hpp">
      <Filter>Resource Files</Filter>
    </ClInclude>
    <ClInclude Include="include\boost\detail\atomic_count.hpp">
      <Filter>Resource Files</Filter>
    </ClInclude>
    <ClInclude Include="include\boost\detail\binary_search.hpp">
      <Filter>Resource Files</Filter>
    </ClInclude>
    <ClInclude Include="include\boost\detail\call_traits.hpp">
      <Filter>Resource Files</Filter>
    </ClInclude>
    <ClInclude Include="include\boost\detail\catch_exceptions.hpp">
      <Filter>Resource Files</Filter>
    </ClInclude>
    <ClInclude Include="include\boost\detail\compressed_pair.hpp">
      <Filter>Resource Files</Filter>
    </ClInclude>
    <ClInclude Include="include\boost\detail\container_fwd.hpp">
      <Filter>Resource Files</Filter>
    </ClInclude>
    <ClInclude Include="include\boost\detail\dynamic_bitset.hpp">
      <Filter>Resource Files</Filter>
    </ClInclude>
    <ClInclude Include="include\boost\detail\endian.hpp">
      <Filter>Resource Files</Filter>
    </ClInclude>
    <ClInclude Include="include\boost\detail\has_default_constructor.hpp">
      <Filter>Resource Files</Filter>
    </ClInclude>
    <ClInclude Include="include\boost\detail\identifier.hpp">
      <Filter>Resource Files</Filter>
    </ClInclude>
    <ClInclude Include="include\boost\detail\indirect_traits.hpp">
      <Filter>Resource Files</Filter>
    </ClInclude>
    <ClInclude Include="include\boost\detail\interlocked.hpp">
      <Filter>Resource Files</Filter>
    </ClInclude>
    <ClInclude Include="include\boost\detail\is_function_ref_tester.hpp">
      <Filter>Resource Files</Filter>
    </ClInclude>
    <ClInclude Include="include\boost\detail\is_incrementable.hpp">
      <Filter>Resource Files</Filter>
    </ClInclude>
    <ClInclude Include="include\boost\detail\is_xxx.hpp">
      <Filter>Resource Files</Filter>
    </ClInclude>
    <ClInclude Include="include\boost\detail\iterator.hpp">
      <Filter>Resource Files</Filter>
    </ClInclude>
    <ClInclude Include="include\boost\detail\lcast_precision.hpp">
      <Filter>Resource Files</Filter>
    </ClInclude>
    <ClInclude Include="include\boost\detail\lightweight_mutex.hpp">
      <Filter>Resource Files</Filter>
    </ClInclude>
    <ClInclude Include="include\boost\detail\lightweight_test.hpp">
      <Filter>Resource Files</Filter>
    </ClInclude>
    <ClInclude Include="include\boost\detail\lightweight_thread.hpp">
      <Filter>Resource Files</Filter>
    </ClInclude>
    <ClInclude Include="include\boost\detail\limits.hpp">
      <Filter>Resource Files</Filter>
    </ClInclude>
    <ClInclude Include="include\boost\detail\named_template_params.hpp">
      <Filter>Resource Files</Filter>
    </ClInclude>
    <ClInclude Include="include\boost\detail\no_exceptions_support.hpp">
      <Filter>Resource Files</Filter>
    </ClInclude>
    <ClInclude Include="include\boost\detail\none_t.hpp">
      <Filter>Resource Files</Filter>
    </ClInclude>
    <ClInclude Include="include\boost\detail\numeric_traits.hpp">
      <Filter>Resource Files</Filter>
    </ClInclude>
    <ClInclude Include="include\boost\detail\ob_call_traits.hpp">
      <Filter>Resource Files</Filter>
    </ClInclude>
    <ClInclude Include="include\boost\detail\ob_compressed_pair.hpp">
      <Filter>Resource Files</Filter>
    </ClInclude>
    <ClInclude Include="include\boost\detail\quick_allocator.hpp">
      <Filter>Resource Files</Filter>
    </ClInclude>
    <ClInclude Include="include\boost\detail\reference_content.hpp">
      <Filter>Resource Files</Filter>
    </ClInclude>
    <ClInclude Include="include\boost\detail\scoped_enum_emulation.hpp">
      <Filter>Resource Files</Filter>
    </ClInclude>
    <ClInclude Include="include\boost\detail\select_type.hpp">
      <Filter>Resource Files</Filter>
    </ClInclude>
    <ClInclude Include="include\boost\detail\sp_typeinfo.hpp">
      <Filter>Resource Files</Filter>
    </ClInclude>
    <ClInclude Include="include\boost\detail\templated_streams.hpp">
      <Filter>Resource Files</Filter>
    </ClInclude>
    <ClInclude Include="include\boost\detail\utf8_codecvt_facet.hpp">
      <Filter>Resource Files</Filter>
    </ClInclude>
    <ClInclude Include="include\boost\detail\workaround.hpp">
      <Filter>Resource Files</Filter>
    </ClInclude>
    <ClInclude Include="include\boost\exception\detail\attribute_noreturn.hpp">
      <Filter>Resource Files</Filter>
    </ClInclude>
    <ClInclude Include="include\boost\exception\detail\error_info_impl.hpp">
      <Filter>Resource Files</Filter>
    </ClInclude>
    <ClInclude Include="include\boost\exception\detail\exception_ptr.hpp">
      <Filter>Resource Files</Filter>
    </ClInclude>
    <ClInclude Include="include\boost\exception\detail\is_output_streamable.hpp">
      <Filter>Resource Files</Filter>
    </ClInclude>
    <ClInclude Include="include\boost\exception\detail\object_hex_dump.hpp">
      <Filter>Resource Files</Filter>
    </ClInclude>
    <ClInclude Include="include\boost\exception\detail\type_info.hpp">
      <Filter>Resource Files</Filter>
    </ClInclude>
    <ClInclude Include="include\boost\exception\all.hpp">
      <Filter>Resource Files</Filter>
    </ClInclude>
    <ClInclude Include="include\boost\exception\current_exception_cast.hpp">
      <Filter>Resource Files</Filter>
    </ClInclude>
    <ClInclude Include="include\boost\exception\diagnostic_information.hpp">
      <Filter>Resource Files</Filter>
    </ClInclude>
    <ClInclude Include="include\boost\exception\enable_current_exception.hpp">
      <Filter>Resource Files</Filter>
    </ClInclude>
    <ClInclude Include="include\boost\exception\enable_error_info.hpp">
      <Filter>Resource Files</Filter>
    </ClInclude>
    <ClInclude Include="include\boost\exception\errinfo_api_function.hpp">
      <Filter>Resource Files</Filter>
    </ClInclude>
    <ClInclude Include="include\boost\exception\errinfo_at_line.hpp">
      <Filter>Resource Files</Filter>
    </ClInclude>
    <ClInclude Include="include\boost\exception\errinfo_errno.hpp">
      <Filter>Resource Files</Filter>
    </ClInclude>
    <ClInclude Include="include\boost\exception\errinfo_file_handle.hpp">
      <Filter>Resource Files</Filter>
    </ClInclude>
    <ClInclude Include="include\boost\exception\errinfo_file_name.hpp">
      <Filter>Resource Files</Filter>
    </ClInclude>
    <ClInclude Include="include\boost\exception\errinfo_file_open_mode.hpp">
      <Filter>Resource Files</Filter>
    </ClInclude>
    <ClInclude Include="include\boost\exception\errinfo_nested_exception.hpp">
      <Filter>Resource Files</Filter>
    </ClInclude>
    <ClInclude Include="include\boost\exception\errinfo_type_info_name.hpp">
      <Filter>Resource Files</Filter>
    </ClInclude>
    <ClInclude Include="include\boost\exception\error_info.hpp">
      <Filter>Resource Files</Filter>
    </ClInclude>
    <ClInclude Include="include\boost\exception\exception.hpp">
      <Filter>Resource Files</Filter>
    </ClInclude>
    <ClInclude Include="include\boost\exception\get_error_info.hpp">
      <Filter>Resource Files</Filter>
    </ClInclude>
    <ClInclude Include="include\boost\exception\info.hpp">
      <Filter>Resource Files</Filter>
    </ClInclude>
    <ClInclude Include="include\boost\exception\info_tuple.hpp">
      <Filter>Resource Files</Filter>
    </ClInclude>
    <ClInclude Include="include\boost\exception\to_string.hpp">
      <Filter>Resource Files</Filter>
    </ClInclude>
    <ClInclude Include="include\boost\exception\to_string_stub.hpp">
      <Filter>Resource Files</Filter>
    </ClInclude>
    <ClInclude Include="include\boost\function\detail\function_iterate.hpp">
      <Filter>Resource Files</Filter>
    </ClInclude>
    <ClInclude Include="include\boost\function\detail\maybe_include.hpp">
      <Filter>Resource Files</Filter>
    </ClInclude>
    <ClInclude Include="include\boost\function\detail\prologue.hpp">
      <Filter>Resource Files</Filter>
    </ClInclude>
    <ClInclude Include="include\boost\function\function_base.hpp">
      <Filter>Resource Files</Filter>
    </ClInclude>
    <ClInclude Include="include\boost\function\function_fwd.hpp">
      <Filter>Resource Files</Filter>
    </ClInclude>
    <ClInclude Include="include\boost\function\function_template.hpp">
      <Filter>Resource Files</Filter>
    </ClInclude>
    <ClInclude Include="include\boost\function\function_typeof.hpp">
      <Filter>Resource Files</Filter>
    </ClInclude>
    <ClInclude Include="include\boost\function\function0.hpp">
      <Filter>Resource Files</Filter>
    </ClInclude>
    <ClInclude Include="include\boost\function\function1.hpp">
      <Filter>Resource Files</Filter>
    </ClInclude>
    <ClInclude Include="include\boost\function\function2.hpp">
      <Filter>Resource Files</Filter>
    </ClInclude>
    <ClInclude Include="include\boost\function\function3.hpp">
      <Filter>Resource Files</Filter>
    </ClInclude>
    <ClInclude Include="include\boost\function\function4.hpp">
      <Filter>Resource Files</Filter>
    </ClInclude>
    <ClInclude Include="include\boost\function\function5.hpp">
      <Filter>Resource Files</Filter>
    </ClInclude>
    <ClInclude Include="include\boost\function\function6.hpp">
      <Filter>Resource Files</Filter>
    </ClInclude>
    <ClInclude Include="include\boost\function\function7.hpp">
      <Filter>Resource Files</Filter>
    </ClInclude>
    <ClInclude Include="include\boost\function\function8.hpp">
      <Filter>Resource Files</Filter>
    </ClInclude>
    <ClInclude Include="include\boost\function\function9.hpp">
      <Filter>Resource Files</Filter>
    </ClInclude>
    <ClInclude Include="include\boost\function\function10.hpp">
      <Filter>Resource Files</Filter>
    </ClInclude>
    <ClInclude Include="include\boost\math\bindings\detail\big_digamma.hpp">
      <Filter>Resource Files</Filter>
    </ClInclude>
    <ClInclude Include="include\boost\math\bindings\detail\big_lanczos.hpp">
      <Filter>Resource Files</Filter>
    </ClInclude>
    <ClInclude Include="include\boost\math\bindings\mpfr.hpp">
      <Filter>Resource Files</Filter>
    </ClInclude>
    <ClInclude Include="include\boost\math\bindings\rr.hpp">
      <Filter>Resource Files</Filter>
    </ClInclude>
    <ClInclude Include="include\boost\math\complex\acos.hpp">
      <Filter>Resource Files</Filter>
    </ClInclude>
    <ClInclude Include="include\boost\math\complex\acosh.hpp">
      <Filter>Resource Files</Filter>
    </ClInclude>
    <ClInclude Include="include\boost\math\complex\asin.hpp">
      <Filter>Resource Files</Filter>
    </ClInclude>
    <ClInclude Include="include\boost\math\complex\asinh.hpp">
      <Filter>Resource Files</Filter>
    </ClInclude>
    <ClInclude Include="include\boost\math\complex\atan.hpp">
      <Filter>Resource Files</Filter>
    </ClInclude>
    <ClInclude Include="include\boost\math\complex\atanh.hpp">
      <Filter>Resource Files</Filter>
    </ClInclude>
    <ClInclude Include="include\boost\math\complex\details.hpp">
      <Filter>Resource Files</Filter>
    </ClInclude>
    <ClInclude Include="include\boost\math\complex\fabs.hpp">
      <Filter>Resource Files</Filter>
    </ClInclude>
    <ClInclude Include="include\boost\math\concepts\distributions.hpp">
      <Filter>Resource Files</Filter>
    </ClInclude>
    <ClInclude Include="include\boost\math\concepts\real_concept.hpp">
      <Filter>Resource Files</Filter>
    </ClInclude>
    <ClInclude Include="include\boost\math\concepts\real_type_concept.hpp">
      <Filter>Resource Files</Filter>
    </ClInclude>
    <ClInclude Include="include\boost\math\concepts\std_real_concept.hpp">
      <Filter>Resource Files</Filter>
    </ClInclude>
    <ClInclude Include="include\boost\math\constants\constants.hpp">
      <Filter>Resource Files</Filter>
    </ClInclude>
    <ClInclude Include="include\boost\math\distributions\bernoulli.hpp">
      <Filter>Resource Files</Filter>
    </ClInclude>
    <ClInclude Include="include\boost\math\distributions\beta.hpp">
      <Filter>Resource Files</Filter>
    </ClInclude>
    <ClInclude Include="include\boost\math\distributions\binomial.hpp">
      <Filter>Resource Files</Filter>
    </ClInclude>
    <ClInclude Include="include\boost\math\distributions\cauchy.hpp">
      <Filter>Resource Files</Filter>
    </ClInclude>
    <ClInclude Include="include\boost\math\distributions\chi_squared.hpp">
      <Filter>Resource Files</Filter>
    </ClInclude>
    <ClInclude Include="include\boost\math\distributions\complement.hpp">
      <Filter>Resource Files</Filter>
    </ClInclude>
    <ClInclude Include="include\boost\math\distributions\detail\common_error_handling.hpp">
      <Filter>Resource Files</Filter>
    </ClInclude>
    <ClInclude Include="include\boost\math\distributions\detail\derived_accessors.hpp">
      <Filter>Resource Files</Filter>
    </ClInclude>
    <ClInclude Include="include\boost\math\distributions\detail\generic_mode.hpp">
      <Filter>Resource Files</Filter>
    </ClInclude>
    <ClInclude Include="include\boost\math\distributions\detail\generic_quantile.hpp">
      <Filter>Resource Files</Filter>
    </ClInclude>
    <ClInclude Include="include\boost\math\distributions\detail\hypergeometric_cdf.hpp">
      <Filter>Resource Files</Filter>
    </ClInclude>
    <ClInclude Include="include\boost\math\distributions\detail\hypergeometric_pdf.hpp">
      <Filter>Resource Files</Filter>
    </ClInclude>
    <ClInclude Include="include\boost\math\distributions\detail\hypergeometric_quantile.hpp">
      <Filter>Resource Files</Filter>
    </ClInclude>
    <ClInclude Include="include\boost\math\distributions\detail\inv_discrete_quantile.hpp">
      <Filter>Resource Files</Filter>
    </ClInclude>
    <ClInclude Include="include\boost\math\distributions\exponential.hpp">
      <Filter>Resource Files</Filter>
    </ClInclude>
    <ClInclude Include="include\boost\math\distributions\extreme_value.hpp">
      <Filter>Resource Files</Filter>
    </ClInclude>
    <ClInclude Include="include\boost\math\distributions\find_location.hpp">
      <Filter>Resource Files</Filter>
    </ClInclude>
    <ClInclude Include="include\boost\math\distributions\find_scale.hpp">
      <Filter>Resource Files</Filter>
    </ClInclude>
    <ClInclude Include="include\boost\math\distributions\fisher_f.hpp">
      <Filter>Resource Files</Filter>
    </ClInclude>
    <ClInclude Include="include\boost\math\distributions\fwd.hpp">
      <Filter>Resource Files</Filter>
    </ClInclude>
    <ClInclude Include="include\boost\math\distributions\gamma.hpp">
      <Filter>Resource Files</Filter>
    </ClInclude>
    <ClInclude Include="include\boost\math\distributions\hypergeometric.hpp">
      <Filter>Resource Files</Filter>
    </ClInclude>
    <ClInclude Include="include\boost\math\distributions\laplace.hpp">
      <Filter>Resource Files</Filter>
    </ClInclude>
    <ClInclude Include="include\boost\math\distributions\logistic.hpp">
      <Filter>Resource Files</Filter>
    </ClInclude>
    <ClInclude Include="include\boost\math\distributions\lognormal.hpp">
      <Filter>Resource Files</Filter>
    </ClInclude>
    <ClInclude Include="include\boost\math\distributions\negative_binomial.hpp">
      <Filter>Resource Files</Filter>
    </ClInclude>
    <ClInclude Include="include\boost\math\distributions\non_central_beta.hpp">
      <Filter>Resource Files</Filter>
    </ClInclude>
    <ClInclude Include="include\boost\math\distributions\non_central_chi_squared.hpp">
      <Filter>Resource Files</Filter>
    </ClInclude>
    <ClInclude Include="include\boost\math\distributions\non_central_f.hpp">
      <Filter>Resource Files</Filter>
    </ClInclude>
    <ClInclude Include="include\boost\math\distributions\non_central_t.hpp">
      <Filter>Resource Files</Filter>
    </ClInclude>
    <ClInclude Include="include\boost\math\distributions\normal.hpp">
      <Filter>Resource Files</Filter>
    </ClInclude>
    <ClInclude Include="include\boost\math\distributions\pareto.hpp">
      <Filter>Resource Files</Filter>
    </ClInclude>
    <ClInclude Include="include\boost\math\distributions\poisson.hpp">
      <Filter>Resource Files</Filter>
    </ClInclude>
    <ClInclude Include="include\boost\math\distributions\rayleigh.hpp">
      <Filter>Resource Files</Filter>
    </ClInclude>
    <ClInclude Include="include\boost\math\distributions\students_t.hpp">
      <Filter>Resource Files</Filter>
    </ClInclude>
    <ClInclude Include="include\boost\math\distributions\triangular.hpp">
      <Filter>Resource Files</Filter>
    </ClInclude>
    <ClInclude Include="include\boost\math\distributions\uniform.hpp">
      <Filter>Resource Files</Filter>
    </ClInclude>
    <ClInclude Include="include\boost\math\distributions\weibull.hpp">
      <Filter>Resource Files</Filter>
    </ClInclude>
    <ClInclude Include="include\boost\math\policies\error_handling.hpp">
      <Filter>Resource Files</Filter>
    </ClInclude>
    <ClInclude Include="include\boost\math\policies\policy.hpp">
      <Filter>Resource Files</Filter>
    </ClInclude>
    <ClInclude Include="include\boost\math\special_functions\acosh.hpp">
      <Filter>Resource Files</Filter>
    </ClInclude>
    <ClInclude Include="include\boost\math\special_functions\asinh.hpp">
      <Filter>Resource Files</Filter>
    </ClInclude>
    <ClInclude Include="include\boost\math\special_functions\atanh.hpp">
      <Filter>Resource Files</Filter>
    </ClInclude>
    <ClInclude Include="include\boost\math\special_functions\bessel.hpp">
      <Filter>Resource Files</Filter>
    </ClInclude>
    <ClInclude Include="include\boost\math\special_functions\beta.hpp">
      <Filter>Resource Files</Filter>
    </ClInclude>
    <ClInclude Include="include\boost\math\special_functions\binomial.hpp">
      <Filter>Resource Files</Filter>
    </ClInclude>
    <ClInclude Include="include\boost\math\special_functions\cbrt.hpp">
      <Filter>Resource Files</Filter>
    </ClInclude>
    <ClInclude Include="include\boost\math\special_functions\cos_pi.hpp">
      <Filter>Resource Files</Filter>
    </ClInclude>
    <ClInclude Include="include\boost\math\special_functions\detail\bessel_i0.hpp">
      <Filter>Resource Files</Filter>
    </ClInclude>
    <ClInclude Include="include\boost\math\special_functions\detail\bessel_i1.hpp">
      <Filter>Resource Files</Filter>
    </ClInclude>
    <ClInclude Include="include\boost\math\special_functions\detail\bessel_ik.hpp">
      <Filter>Resource Files</Filter>
    </ClInclude>
    <ClInclude Include="include\boost\math\special_functions\detail\bessel_j0.hpp">
      <Filter>Resource Files</Filter>
    </ClInclude>
    <ClInclude Include="include\boost\math\special_functions\detail\bessel_j1.hpp">
      <Filter>Resource Files</Filter>
    </ClInclude>
    <ClInclude Include="include\boost\math\special_functions\detail\bessel_jn.hpp">
      <Filter>Resource Files</Filter>
    </ClInclude>
    <ClInclude Include="include\boost\math\special_functions\detail\bessel_jy.hpp">
      <Filter>Resource Files</Filter>
    </ClInclude>
    <ClInclude Include="include\boost\math\special_functions\detail\bessel_jy_asym.hpp">
      <Filter>Resource Files</Filter>
    </ClInclude>
    <ClInclude Include="include\boost\math\special_functions\detail\bessel_k0.hpp">
      <Filter>Resource Files</Filter>
    </ClInclude>
    <ClInclude Include="include\boost\math\special_functions\detail\bessel_k1.hpp">
      <Filter>Resource Files</Filter>
    </ClInclude>
    <ClInclude Include="include\boost\math\special_functions\detail\bessel_kn.hpp">
      <Filter>Resource Files</Filter>
    </ClInclude>
    <ClInclude Include="include\boost\math\special_functions\detail\bessel_y0.hpp">
      <Filter>Resource Files</Filter>
    </ClInclude>
    <ClInclude Include="include\boost\math\special_functions\detail\bessel_y1.hpp">
      <Filter>Resource Files</Filter>
    </ClInclude>
    <ClInclude Include="include\boost\math\special_functions\detail\bessel_yn.hpp">
      <Filter>Resource Files</Filter>
    </ClInclude>
    <ClInclude Include="include\boost\math\special_functions\detail\erf_inv.hpp">
      <Filter>Resource Files</Filter>
    </ClInclude>
    <ClInclude Include="include\boost\math\special_functions\detail\fp_traits.hpp">
      <Filter>Resource Files</Filter>
    </ClInclude>
    <ClInclude Include="include\boost\math\special_functions\detail\gamma_inva.hpp">
      <Filter>Resource Files</Filter>
    </ClInclude>
    <ClInclude Include="include\boost\math\special_functions\detail\ibeta_inverse.hpp">
      <Filter>Resource Files</Filter>
    </ClInclude>
    <ClInclude Include="include\boost\math\special_functions\detail\ibeta_inv_ab.hpp">
      <Filter>Resource Files</Filter>
    </ClInclude>
    <ClInclude Include="include\boost\math\special_functions\detail\iconv.hpp">
      <Filter>Resource Files</Filter>
    </ClInclude>
    <ClInclude Include="include\boost\math\special_functions\detail\igamma_inverse.hpp">
      <Filter>Resource Files</Filter>
    </ClInclude>
    <ClInclude Include="include\boost\math\special_functions\detail\igamma_large.hpp">
      <Filter>Resource Files</Filter>
    </ClInclude>
    <ClInclude Include="include\boost\math\special_functions\detail\lanczos_sse2.hpp">
      <Filter>Resource Files</Filter>
    </ClInclude>
    <ClInclude Include="include\boost\math\special_functions\detail\lgamma_small.hpp">
      <Filter>Resource Files</Filter>
    </ClInclude>
    <ClInclude Include="include\boost\math\special_functions\detail\round_fwd.hpp">
      <Filter>Resource Files</Filter>
    </ClInclude>
    <ClInclude Include="include\boost\math\special_functions\detail\t_distribution_inv.hpp">
      <Filter>Resource Files</Filter>
    </ClInclude>
    <ClInclude Include="include\boost\math\special_functions\detail\unchecked_factorial.hpp">
      <Filter>Resource Files</Filter>
    </ClInclude>
    <ClInclude Include="include\boost\math\special_functions\digamma.hpp">
      <Filter>Resource Files</Filter>
    </ClInclude>
    <ClInclude Include="include\boost\math\special_functions\ellint_1.hpp">
      <Filter>Resource Files</Filter>
    </ClInclude>
    <ClInclude Include="include\boost\math\special_functions\ellint_2.hpp">
      <Filter>Resource Files</Filter>
    </ClInclude>
    <ClInclude Include="include\boost\math\special_functions\ellint_3.hpp">
      <Filter>Resource Files</Filter>
    </ClInclude>
    <ClInclude Include="include\boost\math\special_functions\ellint_rc.hpp">
      <Filter>Resource Files</Filter>
    </ClInclude>
    <ClInclude Include="include\boost\math\special_functions\ellint_rd.hpp">
      <Filter>Resource Files</Filter>
    </ClInclude>
    <ClInclude Include="include\boost\math\special_functions\ellint_rf.hpp">
      <Filter>Resource Files</Filter>
    </ClInclude>
    <ClInclude Include="include\boost\math\special_functions\ellint_rj.hpp">
      <Filter>Resource Files</Filter>
    </ClInclude>
    <ClInclude Include="include\boost\math\special_functions\erf.hpp">
      <Filter>Resource Files</Filter>
    </ClInclude>
    <ClInclude Include="include\boost\math\special_functions\expint.hpp">
      <Filter>Resource Files</Filter>
    </ClInclude>
    <ClInclude Include="include\boost\math\special_functions\expm1.hpp">
      <Filter>Resource Files</Filter>
    </ClInclude>
    <ClInclude Include="include\boost\math\special_functions\factorials.hpp">
      <Filter>Resource Files</Filter>
    </ClInclude>
    <ClInclude Include="include\boost\math\special_functions\fpclassify.hpp">
      <Filter>Resource Files</Filter>
    </ClInclude>
    <ClInclude Include="include\boost\math\special_functions\gamma.hpp">
      <Filter>Resource Files</Filter>
    </ClInclude>
    <ClInclude Include="include\boost\math\special_functions\hermite.hpp">
      <Filter>Resource Files</Filter>
    </ClInclude>
    <ClInclude Include="include\boost\math\special_functions\hypot.hpp">
      <Filter>Resource Files</Filter>
    </ClInclude>
    <ClInclude Include="include\boost\math\special_functions\laguerre.hpp">
      <Filter>Resource Files</Filter>
    </ClInclude>
    <ClInclude Include="include\boost\math\special_functions\lanczos.hpp">
      <Filter>Resource Files</Filter>
    </ClInclude>
    <ClInclude Include="include\boost\math\special_functions\legendre.hpp">
      <Filter>Resource Files</Filter>
    </ClInclude>
    <ClInclude Include="include\boost\math\special_functions\log1p.hpp">
      <Filter>Resource Files</Filter>
    </ClInclude>
    <ClInclude Include="include\boost\math\special_functions\math_fwd.hpp">
      <Filter>Resource Files</Filter>
    </ClInclude>
    <ClInclude Include="include\boost\math\special_functions\modf.hpp">
      <Filter>Resource Files</Filter>
    </ClInclude>
    <ClInclude Include="include\boost\math\special_functions\next.hpp">
      <Filter>Resource Files</Filter>
    </ClInclude>
    <ClInclude Include="include\boost\math\special_functions\pow.hpp">
      <Filter>Resource Files</Filter>
    </ClInclude>
    <ClInclude Include="include\boost\math\special_functions\powm1.hpp">
      <Filter>Resource Files</Filter>
    </ClInclude>
    <ClInclude Include="include\boost\math\special_functions\prime.hpp">
      <Filter>Resource Files</Filter>
    </ClInclude>
    <ClInclude Include="include\boost\math\special_functions\round.hpp">
      <Filter>Resource Files</Filter>
    </ClInclude>
    <ClInclude Include="include\boost\math\special_functions\sign.hpp">
      <Filter>Resource Files</Filter>
    </ClInclude>
    <ClInclude Include="include\boost\math\special_functions\sinc.hpp">
      <Filter>Resource Files</Filter>
    </ClInclude>
    <ClInclude Include="include\boost\math\special_functions\sinhc.hpp">
      <Filter>Resource Files</Filter>
    </ClInclude>
    <ClInclude Include="include\boost\math\special_functions\sin_pi.hpp">
      <Filter>Resource Files</Filter>
    </ClInclude>
    <ClInclude Include="include\boost\math\special_functions\spherical_harmonic.hpp">
      <Filter>Resource Files</Filter>
    </ClInclude>
    <ClInclude Include="include\boost\math\special_functions\sqrt1pm1.hpp">
      <Filter>Resource Files</Filter>
    </ClInclude>
    <ClInclude Include="include\boost\math\special_functions\trunc.hpp">
      <Filter>Resource Files</Filter>
    </ClInclude>
    <ClInclude Include="include\boost\math\special_functions\zeta.hpp">
      <Filter>Resource Files</Filter>
    </ClInclude>
    <ClInclude Include="include\boost\math\tools\config.hpp">
      <Filter>Resource Files</Filter>
    </ClInclude>
    <ClInclude Include="include\boost\math\tools\detail\polynomial_horner1_10.hpp">
      <Filter>Resource Files</Filter>
    </ClInclude>
    <ClInclude Include="include\boost\math\tools\detail\polynomial_horner1_11.hpp">
      <Filter>Resource Files</Filter>
    </ClInclude>
    <ClInclude Include="include\boost\math\tools\detail\polynomial_horner1_12.hpp">
      <Filter>Resource Files</Filter>
    </ClInclude>
    <ClInclude Include="include\boost\math\tools\detail\polynomial_horner1_13.hpp">
      <Filter>Resource Files</Filter>
    </ClInclude>
    <ClInclude Include="include\boost\math\tools\detail\polynomial_horner1_14.hpp">
      <Filter>Resource Files</Filter>
    </ClInclude>
    <ClInclude Include="include\boost\math\tools\detail\polynomial_horner1_15.hpp">
      <Filter>Resource Files</Filter>
    </ClInclude>
    <ClInclude Include="include\boost\math\tools\detail\polynomial_horner1_16.hpp">
      <Filter>Resource Files</Filter>
    </ClInclude>
    <ClInclude Include="include\boost\math\tools\detail\polynomial_horner1_17.hpp">
      <Filter>Resource Files</Filter>
    </ClInclude>
    <ClInclude Include="include\boost\math\tools\detail\polynomial_horner1_18.hpp">
      <Filter>Resource Files</Filter>
    </ClInclude>
    <ClInclude Include="include\boost\math\tools\detail\polynomial_horner1_19.hpp">
      <Filter>Resource Files</Filter>
    </ClInclude>
    <ClInclude Include="include\boost\math\tools\detail\polynomial_horner1_2.hpp">
      <Filter>Resource Files</Filter>
    </ClInclude>
    <ClInclude Include="include\boost\math\tools\detail\polynomial_horner1_20.hpp">
      <Filter>Resource Files</Filter>
    </ClInclude>
    <ClInclude Include="include\boost\math\tools\detail\polynomial_horner1_3.hpp">
      <Filter>Resource Files</Filter>
    </ClInclude>
    <ClInclude Include="include\boost\math\tools\detail\polynomial_horner1_4.hpp">
      <Filter>Resource Files</Filter>
    </ClInclude>
    <ClInclude Include="include\boost\math\tools\detail\polynomial_horner1_5.hpp">
      <Filter>Resource Files</Filter>
    </ClInclude>
    <ClInclude Include="include\boost\math\tools\detail\polynomial_horner1_6.hpp">
      <Filter>Resource Files</Filter>
    </ClInclude>
    <ClInclude Include="include\boost\math\tools\detail\polynomial_horner1_7.hpp">
      <Filter>Resource Files</Filter>
    </ClInclude>
    <ClInclude Include="include\boost\math\tools\detail\polynomial_horner1_8.hpp">
      <Filter>Resource Files</Filter>
    </ClInclude>
    <ClInclude Include="include\boost\math\tools\detail\polynomial_horner1_9.hpp">
      <Filter>Resource Files</Filter>
    </ClInclude>
    <ClInclude Include="include\boost\math\tools\detail\polynomial_horner2_10.hpp">
      <Filter>Resource Files</Filter>
    </ClInclude>
    <ClInclude Include="include\boost\math\tools\detail\polynomial_horner2_11.hpp">
      <Filter>Resource Files</Filter>
    </ClInclude>
    <ClInclude Include="include\boost\math\tools\detail\polynomial_horner2_12.hpp">
      <Filter>Resource Files</Filter>
    </ClInclude>
    <ClInclude Include="include\boost\math\tools\detail\polynomial_horner2_13.hpp">
      <Filter>Resource Files</Filter>
    </ClInclude>
    <ClInclude Include="include\boost\math\tools\detail\polynomial_horner2_14.hpp">
      <Filter>Resource Files</Filter>
    </ClInclude>
    <ClInclude Include="include\boost\math\tools\detail\polynomial_horner2_15.hpp">
      <Filter>Resource Files</Filter>
    </ClInclude>
    <ClInclude Include="include\boost\math\tools\detail\polynomial_horner2_16.hpp">
      <Filter>Resource Files</Filter>
    </ClInclude>
    <ClInclude Include="include\boost\math\tools\detail\polynomial_horner2_17.hpp">
      <Filter>Resource Files</Filter>
    </ClInclude>
    <ClInclude Include="include\boost\math\tools\detail\polynomial_horner2_18.hpp">
      <Filter>Resource Files</Filter>
    </ClInclude>
    <ClInclude Include="include\boost\math\tools\detail\polynomial_horner2_19.hpp">
      <Filter>Resource Files</Filter>
    </ClInclude>
    <ClInclude Include="include\boost\math\tools\detail\polynomial_horner2_2.hpp">
      <Filter>Resource Files</Filter>
    </ClInclude>
    <ClInclude Include="include\boost\math\tools\detail\polynomial_horner2_20.hpp">
      <Filter>Resource Files</Filter>
    </ClInclude>
    <ClInclude Include="include\boost\math\tools\detail\polynomial_horner2_3.hpp">
      <Filter>Resource Files</Filter>
    </ClInclude>
    <ClInclude Include="include\boost\math\tools\detail\polynomial_horner2_4.hpp">
      <Filter>Resource Files</Filter>
    </ClInclude>
    <ClInclude Include="include\boost\math\tools\detail\polynomial_horner2_5.hpp">
      <Filter>Resource Files</Filter>
    </ClInclude>
    <ClInclude Include="include\boost\math\tools\detail\polynomial_horner2_6.hpp">
      <Filter>Resource Files</Filter>
    </ClInclude>
    <ClInclude Include="include\boost\math\tools\detail\polynomial_horner2_7.hpp">
      <Filter>Resource Files</Filter>
    </ClInclude>
    <ClInclude Include="include\boost\math\tools\detail\polynomial_horner2_8.hpp">
      <Filter>Resource Files</Filter>
    </ClInclude>
    <ClInclude Include="include\boost\math\tools\detail\polynomial_horner2_9.hpp">
      <Filter>Resource Files</Filter>
    </ClInclude>
    <ClInclude Include="include\boost\math\tools\detail\polynomial_horner3_10.hpp">
      <Filter>Resource Files</Filter>
    </ClInclude>
    <ClInclude Include="include\boost\math\tools\detail\polynomial_horner3_11.hpp">
      <Filter>Resource Files</Filter>
    </ClInclude>
    <ClInclude Include="include\boost\math\tools\detail\polynomial_horner3_12.hpp">
      <Filter>Resource Files</Filter>
    </ClInclude>
    <ClInclude Include="include\boost\math\tools\detail\polynomial_horner3_13.hpp">
      <Filter>Resource Files</Filter>
    </ClInclude>
    <ClInclude Include="include\boost\math\tools\detail\polynomial_horner3_14.hpp">
      <Filter>Resource Files</Filter>
    </ClInclude>
    <ClInclude Include="include\boost\math\tools\detail\polynomial_horner3_15.hpp">
      <Filter>Resource Files</Filter>
    </ClInclude>
    <ClInclude Include="include\boost\math\tools\detail\polynomial_horner3_16.hpp">
      <Filter>Resource Files</Filter>
    </ClInclude>
    <ClInclude Include="include\boost\math\tools\detail\polynomial_horner3_17.hpp">
      <Filter>Resource Files</Filter>
    </ClInclude>
    <ClInclude Include="include\boost\math\tools\detail\polynomial_horner3_18.hpp">
      <Filter>Resource Files</Filter>
    </ClInclude>
    <ClInclude Include="include\boost\math\tools\detail\polynomial_horner3_19.hpp">
      <Filter>Resource Files</Filter>
    </ClInclude>
    <ClInclude Include="include\boost\math\tools\detail\polynomial_horner3_2.hpp">
      <Filter>Resource Files</Filter>
    </ClInclude>
    <ClInclude Include="include\boost\math\tools\detail\polynomial_horner3_20.hpp">
      <Filter>Resource Files</Filter>
    </ClInclude>
    <ClInclude Include="include\boost\math\tools\detail\polynomial_horner3_3.hpp">
      <Filter>Resource Files</Filter>
    </ClInclude>
    <ClInclude Include="include\boost\math\tools\detail\polynomial_horner3_4.hpp">
      <Filter>Resource Files</Filter>
    </ClInclude>
    <ClInclude Include="include\boost\math\tools\detail\polynomial_horner3_5.hpp">
      <Filter>Resource Files</Filter>
    </ClInclude>
    <ClInclude Include="include\boost\math\tools\detail\polynomial_horner3_6.hpp">
      <Filter>Resource Files</Filter>
    </ClInclude>
    <ClInclude Include="include\boost\math\tools\detail\polynomial_horner3_7.hpp">
      <Filter>Resource Files</Filter>
    </ClInclude>
    <ClInclude Include="include\boost\math\tools\detail\polynomial_horner3_8.hpp">
      <Filter>Resource Files</Filter>
    </ClInclude>
    <ClInclude Include="include\boost\math\tools\detail\polynomial_horner3_9.hpp">
      <Filter>Resource Files</Filter>
    </ClInclude>
    <ClInclude Include="include\boost\math\tools\detail\rational_horner1_10.hpp">
      <Filter>Resource Files</Filter>
    </ClInclude>
    <ClInclude Include="include\boost\math\tools\detail\rational_horner1_11.hpp">
      <Filter>Resource Files</Filter>
    </ClInclude>
    <ClInclude Include="include\boost\math\tools\detail\rational_horner1_12.hpp">
      <Filter>Resource Files</Filter>
    </ClInclude>
    <ClInclude Include="include\boost\math\tools\detail\rational_horner1_13.hpp">
      <Filter>Resource Files</Filter>
    </ClInclude>
    <ClInclude Include="include\boost\math\tools\detail\rational_horner1_14.hpp">
      <Filter>Resource Files</Filter>
    </ClInclude>
    <ClInclude Include="include\boost\math\tools\detail\rational_horner1_15.hpp">
      <Filter>Resource Files</Filter>
    </ClInclude>
    <ClInclude Include="include\boost\math\tools\detail\rational_horner1_16.hpp">
      <Filter>Resource Files</Filter>
    </ClInclude>
    <ClInclude Include="include\boost\math\tools\detail\rational_horner1_17.hpp">
      <Filter>Resource Files</Filter>
    </ClInclude>
    <ClInclude Include="include\boost\math\tools\detail\rational_horner1_18.hpp">
      <Filter>Resource Files</Filter>
    </ClInclude>
    <ClInclude Include="include\boost\math\tools\detail\rational_horner1_19.hpp">
      <Filter>Resource Files</Filter>
    </ClInclude>
    <ClInclude Include="include\boost\math\tools\detail\rational_horner1_2.hpp">
      <Filter>Resource Files</Filter>
    </ClInclude>
    <ClInclude Include="include\boost\math\tools\detail\rational_horner1_20.hpp">
      <Filter>Resource Files</Filter>
    </ClInclude>
    <ClInclude Include="include\boost\math\tools\detail\rational_horner1_3.hpp">
      <Filter>Resource Files</Filter>
    </ClInclude>
    <ClInclude Include="include\boost\math\tools\detail\rational_horner1_4.hpp">
      <Filter>Resource Files</Filter>
    </ClInclude>
    <ClInclude Include="include\boost\math\tools\detail\rational_horner1_5.hpp">
      <Filter>Resource Files</Filter>
    </ClInclude>
    <ClInclude Include="include\boost\math\tools\detail\rational_horner1_6.hpp">
      <Filter>Resource Files</Filter>
    </ClInclude>
    <ClInclude Include="include\boost\math\tools\detail\rational_horner1_7.hpp">
      <Filter>Resource Files</Filter>
    </ClInclude>
    <ClInclude Include="include\boost\math\tools\detail\rational_horner1_8.hpp">
      <Filter>Resource Files</Filter>
    </ClInclude>
    <ClInclude Include="include\boost\math\tools\detail\rational_horner1_9.hpp">
      <Filter>Resource Files</Filter>
    </ClInclude>
    <ClInclude Include="include\boost\math\tools\detail\rational_horner2_10.hpp">
      <Filter>Resource Files</Filter>
    </ClInclude>
    <ClInclude Include="include\boost\math\tools\detail\rational_horner2_11.hpp">
      <Filter>Resource Files</Filter>
    </ClInclude>
    <ClInclude Include="include\boost\math\tools\detail\rational_horner2_12.hpp">
      <Filter>Resource Files</Filter>
    </ClInclude>
    <ClInclude Include="include\boost\math\tools\detail\rational_horner2_13.hpp">
      <Filter>Resource Files</Filter>
    </ClInclude>
    <ClInclude Include="include\boost\math\tools\detail\rational_horner2_14.hpp">
      <Filter>Resource Files</Filter>
    </ClInclude>
    <ClInclude Include="include\boost\math\tools\detail\rational_horner2_15.hpp">
      <Filter>Resource Files</Filter>
    </ClInclude>
    <ClInclude Include="include\boost\math\tools\detail\rational_horner2_16.hpp">
      <Filter>Resource Files</Filter>
    </ClInclude>
    <ClInclude Include="include\boost\math\tools\detail\rational_horner2_17.hpp">
      <Filter>Resource Files</Filter>
    </ClInclude>
    <ClInclude Include="include\boost\math\tools\detail\rational_horner2_18.hpp">
      <Filter>Resource Files</Filter>
    </ClInclude>
    <ClInclude Include="include\boost\math\tools\detail\rational_horner2_19.hpp">
      <Filter>Resource Files</Filter>
    </ClInclude>
    <ClInclude Include="include\boost\math\tools\detail\rational_horner2_2.hpp">
      <Filter>Resource Files</Filter>
    </ClInclude>
    <ClInclude Include="include\boost\math\tools\detail\rational_horner2_20.hpp">
      <Filter>Resource Files</Filter>
    </ClInclude>
    <ClInclude Include="include\boost\math\tools\detail\rational_horner2_3.hpp">
      <Filter>Resource Files</Filter>
    </ClInclude>
    <ClInclude Include="include\boost\math\tools\detail\rational_horner2_4.hpp">
      <Filter>Resource Files</Filter>
    </ClInclude>
    <ClInclude Include="include\boost\math\tools\detail\rational_horner2_5.hpp">
      <Filter>Resource Files</Filter>
    </ClInclude>
    <ClInclude Include="include\boost\math\tools\detail\rational_horner2_6.hpp">
      <Filter>Resource Files</Filter>
    </ClInclude>
    <ClInclude Include="include\boost\math\tools\detail\rational_horner2_7.hpp">
      <Filter>Resource Files</Filter>
    </ClInclude>
    <ClInclude Include="include\boost\math\tools\detail\rational_horner2_8.hpp">
      <Filter>Resource Files</Filter>
    </ClInclude>
    <ClInclude Include="include\boost\math\tools\detail\rational_horner2_9.hpp">
      <Filter>Resource Files</Filter>
    </ClInclude>
    <ClInclude Include="include\boost\math\tools\detail\rational_horner3_10.hpp">
      <Filter>Resource Files</Filter>
    </ClInclude>
    <ClInclude Include="include\boost\math\tools\detail\rational_horner3_11.hpp">
      <Filter>Resource Files</Filter>
    </ClInclude>
    <ClInclude Include="include\boost\math\tools\detail\rational_horner3_12.hpp">
      <Filter>Resource Files</Filter>
    </ClInclude>
    <ClInclude Include="include\boost\math\tools\detail\rational_horner3_13.hpp">
      <Filter>Resource Files</Filter>
    </ClInclude>
    <ClInclude Include="include\boost\math\tools\detail\rational_horner3_14.hpp">
      <Filter>Resource Files</Filter>
    </ClInclude>
    <ClInclude Include="include\boost\math\tools\detail\rational_horner3_15.hpp">
      <Filter>Resource Files</Filter>
    </ClInclude>
    <ClInclude Include="include\boost\math\tools\detail\rational_horner3_16.hpp">
      <Filter>Resource Files</Filter>
    </ClInclude>
    <ClInclude Include="include\boost\math\tools\detail\rational_horner3_17.hpp">
      <Filter>Resource Files</Filter>
    </ClInclude>
    <ClInclude Include="include\boost\math\tools\detail\rational_horner3_18.hpp">
      <Filter>Resource Files</Filter>
    </ClInclude>
    <ClInclude Include="include\boost\math\tools\detail\rational_horner3_19.hpp">
      <Filter>Resource Files</Filter>
    </ClInclude>
    <ClInclude Include="include\boost\math\tools\detail\rational_horner3_2.hpp">
      <Filter>Resource Files</Filter>
    </ClInclude>
    <ClInclude Include="include\boost\math\tools\detail\rational_horner3_20.hpp">
      <Filter>Resource Files</Filter>
    </ClInclude>
    <ClInclude Include="include\boost\math\tools\detail\rational_horner3_3.hpp">
      <Filter>Resource Files</Filter>
    </ClInclude>
    <ClInclude Include="include\boost\math\tools\detail\rational_horner3_4.hpp">
      <Filter>Resource Files</Filter>
    </ClInclude>
    <ClInclude Include="include\boost\math\tools\detail\rational_horner3_5.hpp">
      <Filter>Resource Files</Filter>
    </ClInclude>
    <ClInclude Include="include\boost\math\tools\detail\rational_horner3_6.hpp">
      <Filter>Resource Files</Filter>
    </ClInclude>
    <ClInclude Include="include\boost\math\tools\detail\rational_horner3_7.hpp">
      <Filter>Resource Files</Filter>
    </ClInclude>
    <ClInclude Include="include\boost\math\tools\detail\rational_horner3_8.hpp">
      <Filter>Resource Files</Filter>
    </ClInclude>
    <ClInclude Include="include\boost\math\tools\detail\rational_horner3_9.hpp">
      <Filter>Resource Files</Filter>
    </ClInclude>
    <ClInclude Include="include\boost\math\tools\fraction.hpp">
      <Filter>Resource Files</Filter>
    </ClInclude>
    <ClInclude Include="include\boost\math\tools\minima.hpp">
      <Filter>Resource Files</Filter>
    </ClInclude>
    <ClInclude Include="include\boost\math\tools\polynomial.hpp">
      <Filter>Resource Files</Filter>
    </ClInclude>
    <ClInclude Include="include\boost\math\tools\precision.hpp">
      <Filter>Resource Files</Filter>
    </ClInclude>
    <ClInclude Include="include\boost\math\tools\promotion.hpp">
      <Filter>Resource Files</Filter>
    </ClInclude>
    <ClInclude Include="include\boost\math\tools\rational.hpp">
      <Filter>Resource Files</Filter>
    </ClInclude>
    <ClInclude Include="include\boost\math\tools\real_cast.hpp">
      <Filter>Resource Files</Filter>
    </ClInclude>
    <ClInclude Include="include\boost\math\tools\remez.hpp">
      <Filter>Resource Files</Filter>
    </ClInclude>
    <ClInclude Include="include\boost\math\tools\roots.hpp">
      <Filter>Resource Files</Filter>
    </ClInclude>
    <ClInclude Include="include\boost\math\tools\series.hpp">
      <Filter>Resource Files</Filter>
    </ClInclude>
    <ClInclude Include="include\boost\math\tools\solve.hpp">
      <Filter>Resource Files</Filter>
    </ClInclude>
    <ClInclude Include="include\boost\math\tools\stats.hpp">
      <Filter>Resource Files</Filter>
    </ClInclude>
    <ClInclude Include="include\boost\math\tools\test.hpp">
      <Filter>Resource Files</Filter>
    </ClInclude>
    <ClInclude Include="include\boost\math\tools\test_data.hpp">
      <Filter>Resource Files</Filter>
    </ClInclude>
    <ClInclude Include="include\boost\math\tools\toms748_solve.hpp">
      <Filter>Resource Files</Filter>
    </ClInclude>
    <ClInclude Include="include\boost\math\tools\traits.hpp">
      <Filter>Resource Files</Filter>
    </ClInclude>
    <ClInclude Include="include\boost\math\tools\user.hpp">
      <Filter>Resource Files</Filter>
    </ClInclude>
    <ClInclude Include="include\boost\math\tools\workaround.hpp">
      <Filter>Resource Files</Filter>
    </ClInclude>
    <ClInclude Include="include\boost\math\common_factor.hpp">
      <Filter>Resource Files</Filter>
    </ClInclude>
    <ClInclude Include="include\boost\math\common_factor_ct.hpp">
      <Filter>Resource Files</Filter>
    </ClInclude>
    <ClInclude Include="include\boost\math\common_factor_rt.hpp">
      <Filter>Resource Files</Filter>
    </ClInclude>
    <ClInclude Include="include\boost\math\complex.hpp">
      <Filter>Resource Files</Filter>
    </ClInclude>
    <ClInclude Include="include\boost\math\distributions.hpp">
      <Filter>Resource Files</Filter>
    </ClInclude>
    <ClInclude Include="include\boost\math\octonion.hpp">
      <Filter>Resource Files</Filter>
    </ClInclude>
    <ClInclude Include="include\boost\math\quaternion.hpp">
      <Filter>Resource Files</Filter>
    </ClInclude>
    <ClInclude Include="include\boost\math\special_functions.hpp">
      <Filter>Resource Files</Filter>
    </ClInclude>
    <ClInclude Include="include\boost\math\tr1.hpp">
      <Filter>Resource Files</Filter>
    </ClInclude>
  </ItemGroup>
  <ItemGroup>
    <Library Include="include\LinearAlgebraDLL.lib">
      <Filter>Resource Files</Filter>
    </Library>
  </ItemGroup>
  <ItemGroup>
    <None Include="LinearAlgebraDLL.dll">
      <Filter>Resource Files</Filter>
    </None>
    <None Include="include\boost\function\gen_function_N.pl">
      <Filter>Resource Files</Filter>
    </None>
  </ItemGroup>
</Project>